Microsoft Visual Studio Solution File, Format Version 8.00
Project("{8BC9CEB8-8B4A-11D0-8D11-00A0C91BC942}") = "Vaca", "Vaca.vcproj", "{1B1A6AC9-11C5-45D4-BC8E-186DBCF03A67}"
	ProjectSection(ProjectDependencies) = postProject
	EndProjectSection
EndProject
Project("{8BC9CEB8-8B4A-11D0-8D11-00A0C91BC942}") = "AnchorLayouts", "AnchorLayouts.vcproj", "{140F0108-2C9B-42BF-8785-AF842C70CA15}"
	ProjectSection(ProjectDependencies) = postProject
		{1B1A6AC9-11C5-45D4-BC8E-186DBCF03A67} = {1B1A6AC9-11C5-45D4-BC8E-186DBCF03A67}
	EndProjectSection
EndProject
Project("{8BC9CEB8-8B4A-11D0-8D11-00A0C91BC942}") = "AutoCompletion", "AutoCompletion.vcproj", "{2FB0821A-E4FD-4FBD-A2DB-76E6D00F740D}"
	ProjectSection(ProjectDependencies) = postProject
		{1B1A6AC9-11C5-45D4-BC8E-186DBCF03A67} = {1B1A6AC9-11C5-45D4-BC8E-186DBCF03A67}
	EndProjectSection
EndProject
Project("{8BC9CEB8-8B4A-11D0-8D11-00A0C91BC942}") = "Bixes", "Bixes.vcproj", "{D26BF9B5-9D86-4F61-9B1F-2230C995C9E1}"
	ProjectSection(ProjectDependencies) = postProject
		{1B1A6AC9-11C5-45D4-BC8E-186DBCF03A67} = {1B1A6AC9-11C5-45D4-BC8E-186DBCF03A67}
	EndProjectSection
EndProject
Project("{8BC9CEB8-8B4A-11D0-8D11-00A0C91BC942}") = "BouncingBalls", "BouncingBalls.vcproj", "{257D27C5-CA22-4617-ABA7-7FE649368742}"
	ProjectSection(ProjectDependencies) = postProject
		{1B1A6AC9-11C5-45D4-BC8E-186DBCF03A67} = {1B1A6AC9-11C5-45D4-BC8E-186DBCF03A67}
	EndProjectSection
EndProject
Project("{8BC9CEB8-8B4A-11D0-8D11-00A0C91BC942}") = "BoxLayouts", "BoxLayouts.vcproj", "{F7B5BE18-31D4-46D7-9E4B-9062FABA487B}"
	ProjectSection(ProjectDependencies) = postProject
		{1B1A6AC9-11C5-45D4-BC8E-186DBCF03A67} = {1B1A6AC9-11C5-45D4-BC8E-186DBCF03A67}
	EndProjectSection
EndProject
Project("{8BC9CEB8-8B4A-11D0-8D11-00A0C91BC942}") = "Buttons", "Buttons.vcproj", "{9EA05FB3-73DB-481D-9AD5-596CE3E25066}"
	ProjectSection(ProjectDependencies) = postProject
		{1B1A6AC9-11C5-45D4-BC8E-186DBCF03A67} = {1B1A6AC9-11C5-45D4-BC8E-186DBCF03A67}
	EndProjectSection
EndProject
Project("{8BC9CEB8-8B4A-11D0-8D11-00A0C91BC942}") = "ColoredButton", "ColoredButton.vcproj", "{824D53E6-5C99-42B5-9C86-9A0AA64D7BE7}"
	ProjectSection(ProjectDependencies) = postProject
		{1B1A6AC9-11C5-45D4-BC8E-186DBCF03A67} = {1B1A6AC9-11C5-45D4-BC8E-186DBCF03A67}
	EndProjectSection
EndProject
Project("{8BC9CEB8-8B4A-11D0-8D11-00A0C91BC942}") = "ComboBoxes", "ComboBoxes.vcproj", "{1A525FCB-9047-496B-B8CB-295372D76AE1}"
	ProjectSection(ProjectDependencies) = postProject
		{1B1A6AC9-11C5-45D4-BC8E-186DBCF03A67} = {1B1A6AC9-11C5-45D4-BC8E-186DBCF03A67}
	EndProjectSection
EndProject
Project("{8BC9CEB8-8B4A-11D0-8D11-00A0C91BC942}") = "CommandsAlt", "CommandsAlt.vcproj", "{D2F79813-970A-4080-B761-6B11F37E3FD8}"
	ProjectSection(ProjectDependencies) = postProject
		{1B1A6AC9-11C5-45D4-BC8E-186DBCF03A67} = {1B1A6AC9-11C5-45D4-BC8E-186DBCF03A67}
	EndProjectSection
EndProject
Project("{8BC9CEB8-8B4A-11D0-8D11-00A0C91BC942}") = "DataGrids", "DataGrids.vcproj", "{624169BD-4889-4599-8B5B-6854866C45FF}"
	ProjectSection(ProjectDependencies) = postProject
		{1B1A6AC9-11C5-45D4-BC8E-186DBCF03A67} = {1B1A6AC9-11C5-45D4-BC8E-186DBCF03A67}
	EndProjectSection
EndProject
Project("{8BC9CEB8-8B4A-11D0-8D11-00A0C91BC942}") = "EditableListBox", "EditableListBox.vcproj", "{D7AE362D-CE2D-4221-B22E-2C17595E8FD3}"
	ProjectSection(ProjectDependencies) = postProject
		{1B1A6AC9-11C5-45D4-BC8E-186DBCF03A67} = {1B1A6AC9-11C5-45D4-BC8E-186DBCF03A67}
	EndProjectSection
EndProject
Project("{8BC9CEB8-8B4A-11D0-8D11-00A0C91BC942}") = "Edits", "Edits.vcproj", "{B8ED8457-F597-4476-80F7-4336716EEA77}"
	ProjectSection(ProjectDependencies) = postProject
		{1B1A6AC9-11C5-45D4-BC8E-186DBCF03A67} = {1B1A6AC9-11C5-45D4-BC8E-186DBCF03A67}
	EndProjectSection
EndProject
Project("{8BC9CEB8-8B4A-11D0-8D11-00A0C91BC942}") = "EyeDropper", "EyeDropper.vcproj", "{3ED1733A-DA99-4D2C-BFB5-220510757E0F}"
	ProjectSection(ProjectDependencies) = postProject
		{1B1A6AC9-11C5-45D4-BC8E-186DBCF03A67} = {1B1A6AC9-11C5-45D4-BC8E-186DBCF03A67}
	EndProjectSection
EndProject
Project("{8BC9CEB8-8B4A-11D0-8D11-00A0C91BC942}") = "FontMetrics", "FontMetrics.vcproj", "{A9D36A8D-0552-4121-96E1-9A152CB81128}"
	ProjectSection(ProjectDependencies) = postProject
		{1B1A6AC9-11C5-45D4-BC8E-186DBCF03A67} = {1B1A6AC9-11C5-45D4-BC8E-186DBCF03A67}
	EndProjectSection
EndProject
Project("{8BC9CEB8-8B4A-11D0-8D11-00A0C91BC942}") = "FreeOfLayout", "FreeOfLayout.vcproj", "{AE5A2F12-4967-437A-9A2F-2FA22944403F}"
	ProjectSection(ProjectDependencies) = postProject
		{1B1A6AC9-11C5-45D4-BC8E-186DBCF03A67} = {1B1A6AC9-11C5-45D4-BC8E-186DBCF03A67}
	EndProjectSection
EndProject
Project("{8BC9CEB8-8B4A-11D0-8D11-00A0C91BC942}") = "Hashing", "Hashing.vcproj", "{36830CF4-5F24-4D7B-BDA7-11373D34F61B}"
	ProjectSection(ProjectDependencies) = postProject
		{1B1A6AC9-11C5-45D4-BC8E-186DBCF03A67} = {1B1A6AC9-11C5-45D4-BC8E-186DBCF03A67}
	EndProjectSection
EndProject
Project("{8BC9CEB8-8B4A-11D0-8D11-00A0C91BC942}") = "HelloWorld", "HelloWorld.vcproj", "{CB823FB4-82AB-4062-99E2-520F5B83E91D}"
	ProjectSection(ProjectDependencies) = postProject
		{1B1A6AC9-11C5-45D4-BC8E-186DBCF03A67} = {1B1A6AC9-11C5-45D4-BC8E-186DBCF03A67}
	EndProjectSection
EndProject
Project("{8BC9CEB8-8B4A-11D0-8D11-00A0C91BC942}") = "Images", "Images.vcproj", "{1A434A37-0A22-4A0A-AE80-C2375A38B57B}"
	ProjectSection(ProjectDependencies) = postProject
		{1B1A6AC9-11C5-45D4-BC8E-186DBCF03A67} = {1B1A6AC9-11C5-45D4-BC8E-186DBCF03A67}
	EndProjectSection
EndProject
Project("{8BC9CEB8-8B4A-11D0-8D11-00A0C91BC942}") = "Labels", "Labels.vcproj", "{FB6AE990-2DF6-4909-A205-91110E0CC3F0}"
	ProjectSection(ProjectDependencies) = postProject
		{1B1A6AC9-11C5-45D4-BC8E-186DBCF03A67} = {1B1A6AC9-11C5-45D4-BC8E-186DBCF03A67}
	EndProjectSection
EndProject
Project("{8BC9CEB8-8B4A-11D0-8D11-00A0C91BC942}") = "LikeDOS", "LikeDOS.vcproj", "{F44E4B47-9AA1-407B-903B-CAC354219D82}"
	ProjectSection(ProjectDependencies) = postProject
		{1B1A6AC9-11C5-45D4-BC8E-186DBCF03A67} = {1B1A6AC9-11C5-45D4-BC8E-186DBCF03A67}
	EndProjectSection
EndProject
Project("{8BC9CEB8-8B4A-11D0-8D11-00A0C91BC942}") = "LikeScript", "LikeScript.vcproj", "{BBCA888D-788D-4E07-B297-31A48A8DACEE}"
	ProjectSection(ProjectDependencies) = postProject
		{1B1A6AC9-11C5-45D4-BC8E-186DBCF03A67} = {1B1A6AC9-11C5-45D4-BC8E-186DBCF03A67}
	EndProjectSection
EndProject
Project("{8BC9CEB8-8B4A-11D0-8D11-00A0C91BC942}") = "Maths", "Maths.vcproj", "{1F7AC8C9-6D6D-4FAC-A015-33DFAF5707B1}"
	ProjectSection(ProjectDependencies) = postProject
		{1B1A6AC9-11C5-45D4-BC8E-186DBCF03A67} = {1B1A6AC9-11C5-45D4-BC8E-186DBCF03A67}
	EndProjectSection
EndProject
Project("{8BC9CEB8-8B4A-11D0-8D11-00A0C91BC942}") = "MenuResource", "MenuResource.vcproj", "{B8D2FA18-8116-42B3-9B17-E0C0662E048F}"
	ProjectSection(ProjectDependencies) = postProject
		{1B1A6AC9-11C5-45D4-BC8E-186DBCF03A67} = {1B1A6AC9-11C5-45D4-BC8E-186DBCF03A67}
	EndProjectSection
EndProject
Project("{8BC9CEB8-8B4A-11D0-8D11-00A0C91BC942}") = "MiniExplorer", "MiniExplorer.vcproj", "{0E40A462-0D88-46F7-BD24-E661BEC30062}"
	ProjectSection(ProjectDependencies) = postProject
		{1B1A6AC9-11C5-45D4-BC8E-186DBCF03A67} = {1B1A6AC9-11C5-45D4-BC8E-186DBCF03A67}
	EndProjectSection
EndProject
Project("{8BC9CEB8-8B4A-11D0-8D11-00A0C91BC942}") = "PensBrushes", "PensBrushes.vcproj", "{3CFBDC6E-0942-4F7F-836D-D299CEF1AAEA}"
	ProjectSection(ProjectDependencies) = postProject
		{1B1A6AC9-11C5-45D4-BC8E-186DBCF03A67} = {1B1A6AC9-11C5-45D4-BC8E-186DBCF03A67}
	EndProjectSection
EndProject
Project("{8BC9CEB8-8B4A-11D0-8D11-00A0C91BC942}") = "Primitives", "Primitives.vcproj", "{4CBC97E7-E56F-4EB7-B5C2-6CA4FAF2A699}"
	ProjectSection(ProjectDependencies) = postProject
		{1B1A6AC9-11C5-45D4-BC8E-186DBCF03A67} = {1B1A6AC9-11C5-45D4-BC8E-186DBCF03A67}
	EndProjectSection
EndProject
Project("{8BC9CEB8-8B4A-11D0-8D11-00A0C91BC942}") = "ProgressBars", "ProgressBars.vcproj", "{5A32F457-B0A7-4F1B-8F7B-8C0F817410B9}"
	ProjectSection(ProjectDependencies) = postProject
		{1B1A6AC9-11C5-45D4-BC8E-186DBCF03A67} = {1B1A6AC9-11C5-45D4-BC8E-186DBCF03A67}
	EndProjectSection
EndProject
Project("{8BC9CEB8-8B4A-11D0-8D11-00A0C91BC942}") = "Regions", "Regions.vcproj", "{AD4C6DF1-DE27-4DBB-A36D-01F18F607189}"
	ProjectSection(ProjectDependencies) = postProject
		{1B1A6AC9-11C5-45D4-BC8E-186DBCF03A67} = {1B1A6AC9-11C5-45D4-BC8E-186DBCF03A67}
	EndProjectSection
EndProject
Project("{8BC9CEB8-8B4A-11D0-8D11-00A0C91BC942}") = "Scribble", "Scribble.vcproj", "{82C8A668-ECCB-4BA5-9CCD-AA1667D004C0}"
	ProjectSection(ProjectDependencies) = postProject
		{1B1A6AC9-11C5-45D4-BC8E-186DBCF03A67} = {1B1A6AC9-11C5-45D4-BC8E-186DBCF03A67}
	EndProjectSection
EndProject
Project("{8BC9CEB8-8B4A-11D0-8D11-00A0C91BC942}") = "Sliders", "Sliders.vcproj", "{B109989C-DD0E-4B53-94F8-F2C82BC5B57A}"
	ProjectSection(ProjectDependencies) = postProject
		{1B1A6AC9-11C5-45D4-BC8E-186DBCF03A67} = {1B1A6AC9-11C5-45D4-BC8E-186DBCF03A67}
	EndProjectSection
EndProject
Project("{8BC9CEB8-8B4A-11D0-8D11-00A0C91BC942}") = "Spinners", "Spinners.vcproj", "{CAD88E9A-BFAB-40F3-BD95-32528C4D4B44}"
	ProjectSection(ProjectDependencies) = postProject
		{1B1A6AC9-11C5-45D4-BC8E-186DBCF03A67} = {1B1A6AC9-11C5-45D4-BC8E-186DBCF03A67}
	EndProjectSection
EndProject
Project("{8BC9CEB8-8B4A-11D0-8D11-00A0C91BC942}") = "StdCommands", "StdCommands.vcproj", "{915E4B75-0FE6-49FE-869B-A61B452C1F1B}"
	ProjectSection(ProjectDependencies) = postProject
		{1B1A6AC9-11C5-45D4-BC8E-186DBCF03A67} = {1B1A6AC9-11C5-45D4-BC8E-186DBCF03A67}
	EndProjectSection
EndProject
Project("{8BC9CEB8-8B4A-11D0-8D11-00A0C91BC942}") = "Sudoku", "Sudoku.vcproj", "{91AC2C0E-FB7A-42E7-9F1E-C3815C5E934F}"
	ProjectSection(ProjectDependencies) = postProject
		{1B1A6AC9-11C5-45D4-BC8E-186DBCF03A67} = {1B1A6AC9-11C5-45D4-BC8E-186DBCF03A67}
	EndProjectSection
EndProject
Project("{8BC9CEB8-8B4A-11D0-8D11-00A0C91BC942}") = "SystemImageList", "SystemImageList.vcproj", "{DBB85C27-C2F4-4ECD-A765-8C2B02B07FC7}"
	ProjectSection(ProjectDependencies) = postProject
		{1B1A6AC9-11C5-45D4-BC8E-186DBCF03A67} = {1B1A6AC9-11C5-45D4-BC8E-186DBCF03A67}
	EndProjectSection
EndProject
Project("{8BC9CEB8-8B4A-11D0-8D11-00A0C91BC942}") = "Tabs", "Tabs.vcproj", "{D05824AE-25DA-4DD8-88B8-393156EB78E0}"
	ProjectSection(ProjectDependencies) = postProject
		{1B1A6AC9-11C5-45D4-BC8E-186DBCF03A67} = {1B1A6AC9-11C5-45D4-BC8E-186DBCF03A67}
	EndProjectSection
EndProject
Project("{8BC9CEB8-8B4A-11D0-8D11-00A0C91BC942}") = "TextEditor", "TextEditor.vcproj", "{E283229A-50AB-43C6-ACA8-A166FA503202}"
	ProjectSection(ProjectDependencies) = postProject
		{1B1A6AC9-11C5-45D4-BC8E-186DBCF03A67} = {1B1A6AC9-11C5-45D4-BC8E-186DBCF03A67}
	EndProjectSection
EndProject
Project("{8BC9CEB8-8B4A-11D0-8D11-00A0C91BC942}") = "ThreadKiller", "ThreadKiller.vcproj", "{D5702BF2-5DFF-4C4D-BF2B-51C62E38CF07}"
	ProjectSection(ProjectDependencies) = postProject
		{1B1A6AC9-11C5-45D4-BC8E-186DBCF03A67} = {1B1A6AC9-11C5-45D4-BC8E-186DBCF03A67}
	EndProjectSection
EndProject
Project("{8BC9CEB8-8B4A-11D0-8D11-00A0C91BC942}") = "Threads", "Threads.vcproj", "{54E784CC-8533-4303-B4ED-CCA01DE4BEC9}"
	ProjectSection(ProjectDependencies) = postProject
		{1B1A6AC9-11C5-45D4-BC8E-186DBCF03A67} = {1B1A6AC9-11C5-45D4-BC8E-186DBCF03A67}
	EndProjectSection
EndProject
Project("{8BC9CEB8-8B4A-11D0-8D11-00A0C91BC942}") = "ToolBars", "ToolBars.vcproj", "{4FF3A07C-1850-4374-A875-1F9EF930A311}"
	ProjectSection(ProjectDependencies) = postProject
		{1B1A6AC9-11C5-45D4-BC8E-186DBCF03A67} = {1B1A6AC9-11C5-45D4-BC8E-186DBCF03A67}
	EndProjectSection
EndProject
Project("{8BC9CEB8-8B4A-11D0-8D11-00A0C91BC942}") = "Trees", "Trees.vcproj", "{196F6E20-49A1-4CB3-B702-E3AB0D1877B3}"
	ProjectSection(ProjectDependencies) = postProject
		{1B1A6AC9-11C5-45D4-BC8E-186DBCF03A67} = {1B1A6AC9-11C5-45D4-BC8E-186DBCF03A67}
	EndProjectSection
EndProject
Project("{8BC9CEB8-8B4A-11D0-8D11-00A0C91BC942}") = "AddressBook", "AddressBook.vcproj", "{6150145B-B7EF-4E47-AC1B-C54956CEB2B3}"
	ProjectSection(ProjectDependencies) = postProject
		{1B1A6AC9-11C5-45D4-BC8E-186DBCF03A67} = {1B1A6AC9-11C5-45D4-BC8E-186DBCF03A67}
	EndProjectSection
EndProject
Project("{8BC9CEB8-8B4A-11D0-8D11-00A0C91BC942}") = "sizeof", "sizeof.vcproj", "{694B8C60-85A2-4881-B480-CAE8769F3D63}"
	ProjectSection(ProjectDependencies) = postProject
		{1B1A6AC9-11C5-45D4-BC8E-186DBCF03A67} = {1B1A6AC9-11C5-45D4-BC8E-186DBCF03A67}
	EndProjectSection
EndProject
Project("{8BC9CEB8-8B4A-11D0-8D11-00A0C91BC942}") = "Toro", "Toro.vcproj", "{4EC95061-EA84-49DB-86B3-4FA75CA677C5}"
	ProjectSection(ProjectDependencies) = postProject
		{1B1A6AC9-11C5-45D4-BC8E-186DBCF03A67} = {1B1A6AC9-11C5-45D4-BC8E-186DBCF03A67}
	EndProjectSection
EndProject
Project("{8BC9CEB8-8B4A-11D0-8D11-00A0C91BC942}") = "VacaDoc", "VacaDoc.vcproj", "{936552A5-D1F7-45E0-8E73-8F52982504E3}"
	ProjectSection(ProjectDependencies) = postProject
		{1B1A6AC9-11C5-45D4-BC8E-186DBCF03A67} = {1B1A6AC9-11C5-45D4-BC8E-186DBCF03A67}
	EndProjectSection
EndProject
Global
	GlobalSection(SolutionConfiguration) = preSolution
		Debug Shared = Debug Shared
		Debug Static = Debug Static
		Release Shared = Release Shared
		Release Static = Release Static
	EndGlobalSection
	GlobalSection(ProjectConfiguration) = postSolution
		{1B1A6AC9-11C5-45D4-BC8E-186DBCF03A67}.Debug Shared.ActiveCfg = Debug Shared|Win32
		{1B1A6AC9-11C5-45D4-BC8E-186DBCF03A67}.Debug Shared.Build.0 = Debug Shared|Win32
		{1B1A6AC9-11C5-45D4-BC8E-186DBCF03A67}.Debug Static.ActiveCfg = Debug Static|Win32
		{1B1A6AC9-11C5-45D4-BC8E-186DBCF03A67}.Debug Static.Build.0 = Debug Static|Win32
		{1B1A6AC9-11C5-45D4-BC8E-186DBCF03A67}.Release Shared.ActiveCfg = Release Shared|Win32
		{1B1A6AC9-11C5-45D4-BC8E-186DBCF03A67}.Release Shared.Build.0 = Release Shared|Win32
		{1B1A6AC9-11C5-45D4-BC8E-186DBCF03A67}.Release Static.ActiveCfg = Release Static|Win32
		{1B1A6AC9-11C5-45D4-BC8E-186DBCF03A67}.Release Static.Build.0 = Release Static|Win32
		{140F0108-2C9B-42BF-8785-AF842C70CA15}.Debug Shared.ActiveCfg = Debug Shared|Win32
		{140F0108-2C9B-42BF-8785-AF842C70CA15}.Debug Shared.Build.0 = Debug Shared|Win32
		{140F0108-2C9B-42BF-8785-AF842C70CA15}.Debug Static.ActiveCfg = Debug Static|Win32
		{140F0108-2C9B-42BF-8785-AF842C70CA15}.Debug Static.Build.0 = Debug Static|Win32
		{140F0108-2C9B-42BF-8785-AF842C70CA15}.Release Shared.ActiveCfg = Release Shared|Win32
		{140F0108-2C9B-42BF-8785-AF842C70CA15}.Release Shared.Build.0 = Release Shared|Win32
		{140F0108-2C9B-42BF-8785-AF842C70CA15}.Release Static.ActiveCfg = Release Static|Win32
		{140F0108-2C9B-42BF-8785-AF842C70CA15}.Release Static.Build.0 = Release Static|Win32
		{2FB0821A-E4FD-4FBD-A2DB-76E6D00F740D}.Debug Shared.ActiveCfg = Debug Shared|Win32
		{2FB0821A-E4FD-4FBD-A2DB-76E6D00F740D}.Debug Shared.Build.0 = Debug Shared|Win32
		{2FB0821A-E4FD-4FBD-A2DB-76E6D00F740D}.Debug Static.ActiveCfg = Debug Static|Win32
		{2FB0821A-E4FD-4FBD-A2DB-76E6D00F740D}.Debug Static.Build.0 = Debug Static|Win32
		{2FB0821A-E4FD-4FBD-A2DB-76E6D00F740D}.Release Shared.ActiveCfg = Release Shared|Win32
		{2FB0821A-E4FD-4FBD-A2DB-76E6D00F740D}.Release Shared.Build.0 = Release Shared|Win32
		{2FB0821A-E4FD-4FBD-A2DB-76E6D00F740D}.Release Static.ActiveCfg = Release Static|Win32
		{2FB0821A-E4FD-4FBD-A2DB-76E6D00F740D}.Release Static.Build.0 = Release Static|Win32
		{D26BF9B5-9D86-4F61-9B1F-2230C995C9E1}.Debug Shared.ActiveCfg = Debug Shared|Win32
		{D26BF9B5-9D86-4F61-9B1F-2230C995C9E1}.Debug Shared.Build.0 = Debug Shared|Win32
		{D26BF9B5-9D86-4F61-9B1F-2230C995C9E1}.Debug Static.ActiveCfg = Debug Static|Win32
		{D26BF9B5-9D86-4F61-9B1F-2230C995C9E1}.Debug Static.Build.0 = Debug Static|Win32
		{D26BF9B5-9D86-4F61-9B1F-2230C995C9E1}.Release Shared.ActiveCfg = Release Shared|Win32
		{D26BF9B5-9D86-4F61-9B1F-2230C995C9E1}.Release Shared.Build.0 = Release Shared|Win32
		{D26BF9B5-9D86-4F61-9B1F-2230C995C9E1}.Release Static.ActiveCfg = Release Static|Win32
		{D26BF9B5-9D86-4F61-9B1F-2230C995C9E1}.Release Static.Build.0 = Release Static|Win32
		{257D27C5-CA22-4617-ABA7-7FE649368742}.Debug Shared.ActiveCfg = Debug Shared|Win32
		{257D27C5-CA22-4617-ABA7-7FE649368742}.Debug Shared.Build.0 = Debug Shared|Win32
		{257D27C5-CA22-4617-ABA7-7FE649368742}.Debug Static.ActiveCfg = Debug Static|Win32
		{257D27C5-CA22-4617-ABA7-7FE649368742}.Debug Static.Build.0 = Debug Static|Win32
		{257D27C5-CA22-4617-ABA7-7FE649368742}.Release Shared.ActiveCfg = Release Shared|Win32
		{257D27C5-CA22-4617-ABA7-7FE649368742}.Release Shared.Build.0 = Release Shared|Win32
		{257D27C5-CA22-4617-ABA7-7FE649368742}.Release Static.ActiveCfg = Release Static|Win32
		{257D27C5-CA22-4617-ABA7-7FE649368742}.Release Static.Build.0 = Release Static|Win32
		{F7B5BE18-31D4-46D7-9E4B-9062FABA487B}.Debug Shared.ActiveCfg = Debug Shared|Win32
		{F7B5BE18-31D4-46D7-9E4B-9062FABA487B}.Debug Shared.Build.0 = Debug Shared|Win32
		{F7B5BE18-31D4-46D7-9E4B-9062FABA487B}.Debug Static.ActiveCfg = Debug Static|Win32
		{F7B5BE18-31D4-46D7-9E4B-9062FABA487B}.Debug Static.Build.0 = Debug Static|Win32
		{F7B5BE18-31D4-46D7-9E4B-9062FABA487B}.Release Shared.ActiveCfg = Release Shared|Win32
		{F7B5BE18-31D4-46D7-9E4B-9062FABA487B}.Release Shared.Build.0 = Release Shared|Win32
		{F7B5BE18-31D4-46D7-9E4B-9062FABA487B}.Release Static.ActiveCfg = Release Static|Win32
		{F7B5BE18-31D4-46D7-9E4B-9062FABA487B}.Release Static.Build.0 = Release Static|Win32
		{9EA05FB3-73DB-481D-9AD5-596CE3E25066}.Debug Shared.ActiveCfg = Debug Shared|Win32
		{9EA05FB3-73DB-481D-9AD5-596CE3E25066}.Debug Shared.Build.0 = Debug Shared|Win32
		{9EA05FB3-73DB-481D-9AD5-596CE3E25066}.Debug Static.ActiveCfg = Debug Static|Win32
		{9EA05FB3-73DB-481D-9AD5-596CE3E25066}.Debug Static.Build.0 = Debug Static|Win32
		{9EA05FB3-73DB-481D-9AD5-596CE3E25066}.Release Shared.ActiveCfg = Release Shared|Win32
		{9EA05FB3-73DB-481D-9AD5-596CE3E25066}.Release Shared.Build.0 = Release Shared|Win32
		{9EA05FB3-73DB-481D-9AD5-596CE3E25066}.Release Static.ActiveCfg = Release Static|Win32
		{9EA05FB3-73DB-481D-9AD5-596CE3E25066}.Release Static.Build.0 = Release Static|Win32
		{824D53E6-5C99-42B5-9C86-9A0AA64D7BE7}.Debug Shared.ActiveCfg = Debug Shared|Win32
		{824D53E6-5C99-42B5-9C86-9A0AA64D7BE7}.Debug Shared.Build.0 = Debug Shared|Win32
		{824D53E6-5C99-42B5-9C86-9A0AA64D7BE7}.Debug Static.ActiveCfg = Debug Static|Win32
		{824D53E6-5C99-42B5-9C86-9A0AA64D7BE7}.Debug Static.Build.0 = Debug Static|Win32
		{824D53E6-5C99-42B5-9C86-9A0AA64D7BE7}.Release Shared.ActiveCfg = Release Shared|Win32
		{824D53E6-5C99-42B5-9C86-9A0AA64D7BE7}.Release Shared.Build.0 = Release Shared|Win32
		{824D53E6-5C99-42B5-9C86-9A0AA64D7BE7}.Release Static.ActiveCfg = Release Static|Win32
		{824D53E6-5C99-42B5-9C86-9A0AA64D7BE7}.Release Static.Build.0 = Release Static|Win32
		{1A525FCB-9047-496B-B8CB-295372D76AE1}.Debug Shared.ActiveCfg = Debug Shared|Win32
		{1A525FCB-9047-496B-B8CB-295372D76AE1}.Debug Shared.Build.0 = Debug Shared|Win32
		{1A525FCB-9047-496B-B8CB-295372D76AE1}.Debug Static.ActiveCfg = Debug Static|Win32
		{1A525FCB-9047-496B-B8CB-295372D76AE1}.Debug Static.Build.0 = Debug Static|Win32
		{1A525FCB-9047-496B-B8CB-295372D76AE1}.Release Shared.ActiveCfg = Release Shared|Win32
		{1A525FCB-9047-496B-B8CB-295372D76AE1}.Release Shared.Build.0 = Release Shared|Win32
		{1A525FCB-9047-496B-B8CB-295372D76AE1}.Release Static.ActiveCfg = Release Static|Win32
		{1A525FCB-9047-496B-B8CB-295372D76AE1}.Release Static.Build.0 = Release Static|Win32
		{D2F79813-970A-4080-B761-6B11F37E3FD8}.Debug Shared.ActiveCfg = Debug Shared|Win32
		{D2F79813-970A-4080-B761-6B11F37E3FD8}.Debug Shared.Build.0 = Debug Shared|Win32
		{D2F79813-970A-4080-B761-6B11F37E3FD8}.Debug Static.ActiveCfg = Debug Static|Win32
		{D2F79813-970A-4080-B761-6B11F37E3FD8}.Debug Static.Build.0 = Debug Static|Win32
		{D2F79813-970A-4080-B761-6B11F37E3FD8}.Release Shared.ActiveCfg = Release Shared|Win32
		{D2F79813-970A-4080-B761-6B11F37E3FD8}.Release Shared.Build.0 = Release Shared|Win32
		{D2F79813-970A-4080-B761-6B11F37E3FD8}.Release Static.ActiveCfg = Release Static|Win32
		{D2F79813-970A-4080-B761-6B11F37E3FD8}.Release Static.Build.0 = Release Static|Win32
		{624169BD-4889-4599-8B5B-6854866C45FF}.Debug Shared.ActiveCfg = Debug Shared|Win32
		{624169BD-4889-4599-8B5B-6854866C45FF}.Debug Shared.Build.0 = Debug Shared|Win32
		{624169BD-4889-4599-8B5B-6854866C45FF}.Debug Static.ActiveCfg = Debug Static|Win32
		{624169BD-4889-4599-8B5B-6854866C45FF}.Debug Static.Build.0 = Debug Static|Win32
		{624169BD-4889-4599-8B5B-6854866C45FF}.Release Shared.ActiveCfg = Release Shared|Win32
		{624169BD-4889-4599-8B5B-6854866C45FF}.Release Shared.Build.0 = Release Shared|Win32
		{624169BD-4889-4599-8B5B-6854866C45FF}.Release Static.ActiveCfg = Release Static|Win32
		{624169BD-4889-4599-8B5B-6854866C45FF}.Release Static.Build.0 = Release Static|Win32
		{D7AE362D-CE2D-4221-B22E-2C17595E8FD3}.Debug Shared.ActiveCfg = Debug Shared|Win32
		{D7AE362D-CE2D-4221-B22E-2C17595E8FD3}.Debug Shared.Build.0 = Debug Shared|Win32
		{D7AE362D-CE2D-4221-B22E-2C17595E8FD3}.Debug Static.ActiveCfg = Debug Static|Win32
		{D7AE362D-CE2D-4221-B22E-2C17595E8FD3}.Debug Static.Build.0 = Debug Static|Win32
		{D7AE362D-CE2D-4221-B22E-2C17595E8FD3}.Release Shared.ActiveCfg = Release Shared|Win32
		{D7AE362D-CE2D-4221-B22E-2C17595E8FD3}.Release Shared.Build.0 = Release Shared|Win32
		{D7AE362D-CE2D-4221-B22E-2C17595E8FD3}.Release Static.ActiveCfg = Release Static|Win32
		{D7AE362D-CE2D-4221-B22E-2C17595E8FD3}.Release Static.Build.0 = Release Static|Win32
		{B8ED8457-F597-4476-80F7-4336716EEA77}.Debug Shared.ActiveCfg = Debug Shared|Win32
		{B8ED8457-F597-4476-80F7-4336716EEA77}.Debug Shared.Build.0 = Debug Shared|Win32
		{B8ED8457-F597-4476-80F7-4336716EEA77}.Debug Static.ActiveCfg = Debug Static|Win32
		{B8ED8457-F597-4476-80F7-4336716EEA77}.Debug Static.Build.0 = Debug Static|Win32
		{B8ED8457-F597-4476-80F7-4336716EEA77}.Release Shared.ActiveCfg = Release Shared|Win32
		{B8ED8457-F597-4476-80F7-4336716EEA77}.Release Shared.Build.0 = Release Shared|Win32
		{B8ED8457-F597-4476-80F7-4336716EEA77}.Release Static.ActiveCfg = Release Static|Win32
		{B8ED8457-F597-4476-80F7-4336716EEA77}.Release Static.Build.0 = Release Static|Win32
		{3ED1733A-DA99-4D2C-BFB5-220510757E0F}.Debug Shared.ActiveCfg = Debug Shared|Win32
		{3ED1733A-DA99-4D2C-BFB5-220510757E0F}.Debug Shared.Build.0 = Debug Shared|Win32
		{3ED1733A-DA99-4D2C-BFB5-220510757E0F}.Debug Static.ActiveCfg = Debug Static|Win32
		{3ED1733A-DA99-4D2C-BFB5-220510757E0F}.Debug Static.Build.0 = Debug Static|Win32
		{3ED1733A-DA99-4D2C-BFB5-220510757E0F}.Release Shared.ActiveCfg = Release Shared|Win32
		{3ED1733A-DA99-4D2C-BFB5-220510757E0F}.Release Shared.Build.0 = Release Shared|Win32
		{3ED1733A-DA99-4D2C-BFB5-220510757E0F}.Release Static.ActiveCfg = Release Static|Win32
		{3ED1733A-DA99-4D2C-BFB5-220510757E0F}.Release Static.Build.0 = Release Static|Win32
		{A9D36A8D-0552-4121-96E1-9A152CB81128}.Debug Shared.ActiveCfg = Debug Shared|Win32
		{A9D36A8D-0552-4121-96E1-9A152CB81128}.Debug Shared.Build.0 = Debug Shared|Win32
		{A9D36A8D-0552-4121-96E1-9A152CB81128}.Debug Static.ActiveCfg = Debug Static|Win32
		{A9D36A8D-0552-4121-96E1-9A152CB81128}.Debug Static.Build.0 = Debug Static|Win32
		{A9D36A8D-0552-4121-96E1-9A152CB81128}.Release Shared.ActiveCfg = Release Shared|Win32
		{A9D36A8D-0552-4121-96E1-9A152CB81128}.Release Shared.Build.0 = Release Shared|Win32
		{A9D36A8D-0552-4121-96E1-9A152CB81128}.Release Static.ActiveCfg = Release Static|Win32
		{A9D36A8D-0552-4121-96E1-9A152CB81128}.Release Static.Build.0 = Release Static|Win32
		{AE5A2F12-4967-437A-9A2F-2FA22944403F}.Debug Shared.ActiveCfg = Debug Shared|Win32
		{AE5A2F12-4967-437A-9A2F-2FA22944403F}.Debug Shared.Build.0 = Debug Shared|Win32
		{AE5A2F12-4967-437A-9A2F-2FA22944403F}.Debug Static.ActiveCfg = Debug Static|Win32
		{AE5A2F12-4967-437A-9A2F-2FA22944403F}.Debug Static.Build.0 = Debug Static|Win32
		{AE5A2F12-4967-437A-9A2F-2FA22944403F}.Release Shared.ActiveCfg = Release Shared|Win32
		{AE5A2F12-4967-437A-9A2F-2FA22944403F}.Release Shared.Build.0 = Release Shared|Win32
		{AE5A2F12-4967-437A-9A2F-2FA22944403F}.Release Static.ActiveCfg = Release Static|Win32
		{AE5A2F12-4967-437A-9A2F-2FA22944403F}.Release Static.Build.0 = Release Static|Win32
		{36830CF4-5F24-4D7B-BDA7-11373D34F61B}.Debug Shared.ActiveCfg = Debug Shared|Win32
		{36830CF4-5F24-4D7B-BDA7-11373D34F61B}.Debug Shared.Build.0 = Debug Shared|Win32
		{36830CF4-5F24-4D7B-BDA7-11373D34F61B}.Debug Static.ActiveCfg = Debug Static|Win32
		{36830CF4-5F24-4D7B-BDA7-11373D34F61B}.Debug Static.Build.0 = Debug Static|Win32
		{36830CF4-5F24-4D7B-BDA7-11373D34F61B}.Release Shared.ActiveCfg = Release Shared|Win32
		{36830CF4-5F24-4D7B-BDA7-11373D34F61B}.Release Shared.Build.0 = Release Shared|Win32
		{36830CF4-5F24-4D7B-BDA7-11373D34F61B}.Release Static.ActiveCfg = Release Static|Win32
		{36830CF4-5F24-4D7B-BDA7-11373D34F61B}.Release Static.Build.0 = Release Static|Win32
		{CB823FB4-82AB-4062-99E2-520F5B83E91D}.Debug Shared.ActiveCfg = Debug Shared|Win32
		{CB823FB4-82AB-4062-99E2-520F5B83E91D}.Debug Shared.Build.0 = Debug Shared|Win32
		{CB823FB4-82AB-4062-99E2-520F5B83E91D}.Debug Static.ActiveCfg = Debug Static|Win32
		{CB823FB4-82AB-4062-99E2-520F5B83E91D}.Debug Static.Build.0 = Debug Static|Win32
		{CB823FB4-82AB-4062-99E2-520F5B83E91D}.Release Shared.ActiveCfg = Release Shared|Win32
		{CB823FB4-82AB-4062-99E2-520F5B83E91D}.Release Shared.Build.0 = Release Shared|Win32
		{CB823FB4-82AB-4062-99E2-520F5B83E91D}.Release Static.ActiveCfg = Release Static|Win32
		{CB823FB4-82AB-4062-99E2-520F5B83E91D}.Release Static.Build.0 = Release Static|Win32
		{1A434A37-0A22-4A0A-AE80-C2375A38B57B}.Debug Shared.ActiveCfg = Debug Shared|Win32
		{1A434A37-0A22-4A0A-AE80-C2375A38B57B}.Debug Shared.Build.0 = Debug Shared|Win32
		{1A434A37-0A22-4A0A-AE80-C2375A38B57B}.Debug Static.ActiveCfg = Debug Static|Win32
		{1A434A37-0A22-4A0A-AE80-C2375A38B57B}.Debug Static.Build.0 = Debug Static|Win32
		{1A434A37-0A22-4A0A-AE80-C2375A38B57B}.Release Shared.ActiveCfg = Release Shared|Win32
		{1A434A37-0A22-4A0A-AE80-C2375A38B57B}.Release Shared.Build.0 = Release Shared|Win32
		{1A434A37-0A22-4A0A-AE80-C2375A38B57B}.Release Static.ActiveCfg = Release Static|Win32
		{1A434A37-0A22-4A0A-AE80-C2375A38B57B}.Release Static.Build.0 = Release Static|Win32
		{FB6AE990-2DF6-4909-A205-91110E0CC3F0}.Debug Shared.ActiveCfg = Debug Shared|Win32
		{FB6AE990-2DF6-4909-A205-91110E0CC3F0}.Debug Shared.Build.0 = Debug Shared|Win32
		{FB6AE990-2DF6-4909-A205-91110E0CC3F0}.Debug Static.ActiveCfg = Debug Static|Win32
		{FB6AE990-2DF6-4909-A205-91110E0CC3F0}.Debug Static.Build.0 = Debug Static|Win32
		{FB6AE990-2DF6-4909-A205-91110E0CC3F0}.Release Shared.ActiveCfg = Release Shared|Win32
		{FB6AE990-2DF6-4909-A205-91110E0CC3F0}.Release Shared.Build.0 = Release Shared|Win32
		{FB6AE990-2DF6-4909-A205-91110E0CC3F0}.Release Static.ActiveCfg = Release Static|Win32
		{FB6AE990-2DF6-4909-A205-91110E0CC3F0}.Release Static.Build.0 = Release Static|Win32
		{F44E4B47-9AA1-407B-903B-CAC354219D82}.Debug Shared.ActiveCfg = Debug Shared|Win32
		{F44E4B47-9AA1-407B-903B-CAC354219D82}.Debug Shared.Build.0 = Debug Shared|Win32
		{F44E4B47-9AA1-407B-903B-CAC354219D82}.Debug Static.ActiveCfg = Debug Static|Win32
		{F44E4B47-9AA1-407B-903B-CAC354219D82}.Debug Static.Build.0 = Debug Static|Win32
		{F44E4B47-9AA1-407B-903B-CAC354219D82}.Release Shared.ActiveCfg = Release Shared|Win32
		{F44E4B47-9AA1-407B-903B-CAC354219D82}.Release Shared.Build.0 = Release Shared|Win32
		{F44E4B47-9AA1-407B-903B-CAC354219D82}.Release Static.ActiveCfg = Release Static|Win32
		{F44E4B47-9AA1-407B-903B-CAC354219D82}.Release Static.Build.0 = Release Static|Win32
		{BBCA888D-788D-4E07-B297-31A48A8DACEE}.Debug Shared.ActiveCfg = Debug Shared|Win32
		{BBCA888D-788D-4E07-B297-31A48A8DACEE}.Debug Shared.Build.0 = Debug Shared|Win32
		{BBCA888D-788D-4E07-B297-31A48A8DACEE}.Debug Static.ActiveCfg = Debug Static|Win32
		{BBCA888D-788D-4E07-B297-31A48A8DACEE}.Debug Static.Build.0 = Debug Static|Win32
		{BBCA888D-788D-4E07-B297-31A48A8DACEE}.Release Shared.ActiveCfg = Release Shared|Win32
		{BBCA888D-788D-4E07-B297-31A48A8DACEE}.Release Shared.Build.0 = Release Shared|Win32
		{BBCA888D-788D-4E07-B297-31A48A8DACEE}.Release Static.ActiveCfg = Release Static|Win32
		{BBCA888D-788D-4E07-B297-31A48A8DACEE}.Release Static.Build.0 = Release Static|Win32
		{1F7AC8C9-6D6D-4FAC-A015-33DFAF5707B1}.Debug Shared.ActiveCfg = Debug Shared|Win32
		{1F7AC8C9-6D6D-4FAC-A015-33DFAF5707B1}.Debug Shared.Build.0 = Debug Shared|Win32
		{1F7AC8C9-6D6D-4FAC-A015-33DFAF5707B1}.Debug Static.ActiveCfg = Debug Static|Win32
		{1F7AC8C9-6D6D-4FAC-A015-33DFAF5707B1}.Debug Static.Build.0 = Debug Static|Win32
		{1F7AC8C9-6D6D-4FAC-A015-33DFAF5707B1}.Release Shared.ActiveCfg = Release Shared|Win32
		{1F7AC8C9-6D6D-4FAC-A015-33DFAF5707B1}.Release Shared.Build.0 = Release Shared|Win32
		{1F7AC8C9-6D6D-4FAC-A015-33DFAF5707B1}.Release Static.ActiveCfg = Release Static|Win32
		{1F7AC8C9-6D6D-4FAC-A015-33DFAF5707B1}.Release Static.Build.0 = Release Static|Win32
		{B8D2FA18-8116-42B3-9B17-E0C0662E048F}.Debug Shared.ActiveCfg = Debug Shared|Win32
		{B8D2FA18-8116-42B3-9B17-E0C0662E048F}.Debug Shared.Build.0 = Debug Shared|Win32
		{B8D2FA18-8116-42B3-9B17-E0C0662E048F}.Debug Static.ActiveCfg = Debug Static|Win32
		{B8D2FA18-8116-42B3-9B17-E0C0662E048F}.Debug Static.Build.0 = Debug Static|Win32
		{B8D2FA18-8116-42B3-9B17-E0C0662E048F}.Release Shared.ActiveCfg = Release Shared|Win32
		{B8D2FA18-8116-42B3-9B17-E0C0662E048F}.Release Shared.Build.0 = Release Shared|Win32
		{B8D2FA18-8116-42B3-9B17-E0C0662E048F}.Release Static.ActiveCfg = Release Static|Win32
		{B8D2FA18-8116-42B3-9B17-E0C0662E048F}.Release Static.Build.0 = Release Static|Win32
		{0E40A462-0D88-46F7-BD24-E661BEC30062}.Debug Shared.ActiveCfg = Debug Shared|Win32
		{0E40A462-0D88-46F7-BD24-E661BEC30062}.Debug Shared.Build.0 = Debug Shared|Win32
		{0E40A462-0D88-46F7-BD24-E661BEC30062}.Debug Static.ActiveCfg = Debug Static|Win32
		{0E40A462-0D88-46F7-BD24-E661BEC30062}.Debug Static.Build.0 = Debug Static|Win32
		{0E40A462-0D88-46F7-BD24-E661BEC30062}.Release Shared.ActiveCfg = Release Shared|Win32
		{0E40A462-0D88-46F7-BD24-E661BEC30062}.Release Shared.Build.0 = Release Shared|Win32
		{0E40A462-0D88-46F7-BD24-E661BEC30062}.Release Static.ActiveCfg = Release Static|Win32
		{0E40A462-0D88-46F7-BD24-E661BEC30062}.Release Static.Build.0 = Release Static|Win32
		{3CFBDC6E-0942-4F7F-836D-D299CEF1AAEA}.Debug Shared.ActiveCfg = Debug Shared|Win32
		{3CFBDC6E-0942-4F7F-836D-D299CEF1AAEA}.Debug Shared.Build.0 = Debug Shared|Win32
		{3CFBDC6E-0942-4F7F-836D-D299CEF1AAEA}.Debug Static.ActiveCfg = Debug Static|Win32
		{3CFBDC6E-0942-4F7F-836D-D299CEF1AAEA}.Debug Static.Build.0 = Debug Static|Win32
		{3CFBDC6E-0942-4F7F-836D-D299CEF1AAEA}.Release Shared.ActiveCfg = Release Shared|Win32
		{3CFBDC6E-0942-4F7F-836D-D299CEF1AAEA}.Release Shared.Build.0 = Release Shared|Win32
		{3CFBDC6E-0942-4F7F-836D-D299CEF1AAEA}.Release Static.ActiveCfg = Release Static|Win32
		{3CFBDC6E-0942-4F7F-836D-D299CEF1AAEA}.Release Static.Build.0 = Release Static|Win32
		{4CBC97E7-E56F-4EB7-B5C2-6CA4FAF2A699}.Debug Shared.ActiveCfg = Debug Shared|Win32
		{4CBC97E7-E56F-4EB7-B5C2-6CA4FAF2A699}.Debug Shared.Build.0 = Debug Shared|Win32
		{4CBC97E7-E56F-4EB7-B5C2-6CA4FAF2A699}.Debug Static.ActiveCfg = Debug Static|Win32
		{4CBC97E7-E56F-4EB7-B5C2-6CA4FAF2A699}.Debug Static.Build.0 = Debug Static|Win32
		{4CBC97E7-E56F-4EB7-B5C2-6CA4FAF2A699}.Release Shared.ActiveCfg = Release Shared|Win32
		{4CBC97E7-E56F-4EB7-B5C2-6CA4FAF2A699}.Release Shared.Build.0 = Release Shared|Win32
		{4CBC97E7-E56F-4EB7-B5C2-6CA4FAF2A699}.Release Static.ActiveCfg = Release Static|Win32
		{4CBC97E7-E56F-4EB7-B5C2-6CA4FAF2A699}.Release Static.Build.0 = Release Static|Win32
		{5A32F457-B0A7-4F1B-8F7B-8C0F817410B9}.Debug Shared.ActiveCfg = Debug Shared|Win32
		{5A32F457-B0A7-4F1B-8F7B-8C0F817410B9}.Debug Shared.Build.0 = Debug Shared|Win32
		{5A32F457-B0A7-4F1B-8F7B-8C0F817410B9}.Debug Static.ActiveCfg = Debug Static|Win32
		{5A32F457-B0A7-4F1B-8F7B-8C0F817410B9}.Debug Static.Build.0 = Debug Static|Win32
		{5A32F457-B0A7-4F1B-8F7B-8C0F817410B9}.Release Shared.ActiveCfg = Release Shared|Win32
		{5A32F457-B0A7-4F1B-8F7B-8C0F817410B9}.Release Shared.Build.0 = Release Shared|Win32
		{5A32F457-B0A7-4F1B-8F7B-8C0F817410B9}.Release Static.ActiveCfg = Release Static|Win32
		{5A32F457-B0A7-4F1B-8F7B-8C0F817410B9}.Release Static.Build.0 = Release Static|Win32
		{AD4C6DF1-DE27-4DBB-A36D-01F18F607189}.Debug Shared.ActiveCfg = Debug Shared|Win32
		{AD4C6DF1-DE27-4DBB-A36D-01F18F607189}.Debug Shared.Build.0 = Debug Shared|Win32
		{AD4C6DF1-DE27-4DBB-A36D-01F18F607189}.Debug Static.ActiveCfg = Debug Static|Win32
		{AD4C6DF1-DE27-4DBB-A36D-01F18F607189}.Debug Static.Build.0 = Debug Static|Win32
		{AD4C6DF1-DE27-4DBB-A36D-01F18F607189}.Release Shared.ActiveCfg = Release Shared|Win32
		{AD4C6DF1-DE27-4DBB-A36D-01F18F607189}.Release Shared.Build.0 = Release Shared|Win32
		{AD4C6DF1-DE27-4DBB-A36D-01F18F607189}.Release Static.ActiveCfg = Release Static|Win32
		{AD4C6DF1-DE27-4DBB-A36D-01F18F607189}.Release Static.Build.0 = Release Static|Win32
		{82C8A668-ECCB-4BA5-9CCD-AA1667D004C0}.Debug Shared.ActiveCfg = Debug Shared|Win32
		{82C8A668-ECCB-4BA5-9CCD-AA1667D004C0}.Debug Shared.Build.0 = Debug Shared|Win32
		{82C8A668-ECCB-4BA5-9CCD-AA1667D004C0}.Debug Static.ActiveCfg = Debug Static|Win32
		{82C8A668-ECCB-4BA5-9CCD-AA1667D004C0}.Debug Static.Build.0 = Debug Static|Win32
		{82C8A668-ECCB-4BA5-9CCD-AA1667D004C0}.Release Shared.ActiveCfg = Release Shared|Win32
		{82C8A668-ECCB-4BA5-9CCD-AA1667D004C0}.Release Shared.Build.0 = Release Shared|Win32
		{82C8A668-ECCB-4BA5-9CCD-AA1667D004C0}.Release Static.ActiveCfg = Release Static|Win32
		{82C8A668-ECCB-4BA5-9CCD-AA1667D004C0}.Release Static.Build.0 = Release Static|Win32
		{B109989C-DD0E-4B53-94F8-F2C82BC5B57A}.Debug Shared.ActiveCfg = Debug Shared|Win32
		{B109989C-DD0E-4B53-94F8-F2C82BC5B57A}.Debug Shared.Build.0 = Debug Shared|Win32
		{B109989C-DD0E-4B53-94F8-F2C82BC5B57A}.Debug Static.ActiveCfg = Debug Static|Win32
		{B109989C-DD0E-4B53-94F8-F2C82BC5B57A}.Debug Static.Build.0 = Debug Static|Win32
		{B109989C-DD0E-4B53-94F8-F2C82BC5B57A}.Release Shared.ActiveCfg = Release Shared|Win32
		{B109989C-DD0E-4B53-94F8-F2C82BC5B57A}.Release Shared.Build.0 = Release Shared|Win32
		{B109989C-DD0E-4B53-94F8-F2C82BC5B57A}.Release Static.ActiveCfg = Release Static|Win32
		{B109989C-DD0E-4B53-94F8-F2C82BC5B57A}.Release Static.Build.0 = Release Static|Win32
		{CAD88E9A-BFAB-40F3-BD95-32528C4D4B44}.Debug Shared.ActiveCfg = Debug Shared|Win32
		{CAD88E9A-BFAB-40F3-BD95-32528C4D4B44}.Debug Shared.Build.0 = Debug Shared|Win32
		{CAD88E9A-BFAB-40F3-BD95-32528C4D4B44}.Debug Static.ActiveCfg = Debug Static|Win32
		{CAD88E9A-BFAB-40F3-BD95-32528C4D4B44}.Debug Static.Build.0 = Debug Static|Win32
		{CAD88E9A-BFAB-40F3-BD95-32528C4D4B44}.Release Shared.ActiveCfg = Release Shared|Win32
		{CAD88E9A-BFAB-40F3-BD95-32528C4D4B44}.Release Shared.Build.0 = Release Shared|Win32
		{CAD88E9A-BFAB-40F3-BD95-32528C4D4B44}.Release Static.ActiveCfg = Release Static|Win32
		{CAD88E9A-BFAB-40F3-BD95-32528C4D4B44}.Release Static.Build.0 = Release Static|Win32
		{915E4B75-0FE6-49FE-869B-A61B452C1F1B}.Debug Shared.ActiveCfg = Debug Shared|Win32
		{915E4B75-0FE6-49FE-869B-A61B452C1F1B}.Debug Shared.Build.0 = Debug Shared|Win32
		{915E4B75-0FE6-49FE-869B-A61B452C1F1B}.Debug Static.ActiveCfg = Debug Static|Win32
		{915E4B75-0FE6-49FE-869B-A61B452C1F1B}.Debug Static.Build.0 = Debug Static|Win32
		{915E4B75-0FE6-49FE-869B-A61B452C1F1B}.Release Shared.ActiveCfg = Release Shared|Win32
		{915E4B75-0FE6-49FE-869B-A61B452C1F1B}.Release Shared.Build.0 = Release Shared|Win32
		{915E4B75-0FE6-49FE-869B-A61B452C1F1B}.Release Static.ActiveCfg = Release Static|Win32
		{915E4B75-0FE6-49FE-869B-A61B452C1F1B}.Release Static.Build.0 = Release Static|Win32
		{91AC2C0E-FB7A-42E7-9F1E-C3815C5E934F}.Debug Shared.ActiveCfg = Debug Shared|Win32
		{91AC2C0E-FB7A-42E7-9F1E-C3815C5E934F}.Debug Shared.Build.0 = Debug Shared|Win32
		{91AC2C0E-FB7A-42E7-9F1E-C3815C5E934F}.Debug Static.ActiveCfg = Debug Static|Win32
		{91AC2C0E-FB7A-42E7-9F1E-C3815C5E934F}.Debug Static.Build.0 = Debug Static|Win32
		{91AC2C0E-FB7A-42E7-9F1E-C3815C5E934F}.Release Shared.ActiveCfg = Release Shared|Win32
		{91AC2C0E-FB7A-42E7-9F1E-C3815C5E934F}.Release Shared.Build.0 = Release Shared|Win32
		{91AC2C0E-FB7A-42E7-9F1E-C3815C5E934F}.Release Static.ActiveCfg = Release Static|Win32
		{91AC2C0E-FB7A-42E7-9F1E-C3815C5E934F}.Release Static.Build.0 = Release Static|Win32
		{DBB85C27-C2F4-4ECD-A765-8C2B02B07FC7}.Debug Shared.ActiveCfg = Debug Shared|Win32
		{DBB85C27-C2F4-4ECD-A765-8C2B02B07FC7}.Debug Shared.Build.0 = Debug Shared|Win32
		{DBB85C27-C2F4-4ECD-A765-8C2B02B07FC7}.Debug Static.ActiveCfg = Debug Static|Win32
		{DBB85C27-C2F4-4ECD-A765-8C2B02B07FC7}.Debug Static.Build.0 = Debug Static|Win32
		{DBB85C27-C2F4-4ECD-A765-8C2B02B07FC7}.Release Shared.ActiveCfg = Release Shared|Win32
		{DBB85C27-C2F4-4ECD-A765-8C2B02B07FC7}.Release Shared.Build.0 = Release Shared|Win32
		{DBB85C27-C2F4-4ECD-A765-8C2B02B07FC7}.Release Static.ActiveCfg = Release Static|Win32
		{DBB85C27-C2F4-4ECD-A765-8C2B02B07FC7}.Release Static.Build.0 = Release Static|Win32
		{D05824AE-25DA-4DD8-88B8-393156EB78E0}.Debug Shared.ActiveCfg = Debug Shared|Win32
		{D05824AE-25DA-4DD8-88B8-393156EB78E0}.Debug Shared.Build.0 = Debug Shared|Win32
		{D05824AE-25DA-4DD8-88B8-393156EB78E0}.Debug Static.ActiveCfg = Debug Static|Win32
		{D05824AE-25DA-4DD8-88B8-393156EB78E0}.Debug Static.Build.0 = Debug Static|Win32
		{D05824AE-25DA-4DD8-88B8-393156EB78E0}.Release Shared.ActiveCfg = Release Shared|Win32
		{D05824AE-25DA-4DD8-88B8-393156EB78E0}.Release Shared.Build.0 = Release Shared|Win32
		{D05824AE-25DA-4DD8-88B8-393156EB78E0}.Release Static.ActiveCfg = Release Static|Win32
		{D05824AE-25DA-4DD8-88B8-393156EB78E0}.Release Static.Build.0 = Release Static|Win32
		{E283229A-50AB-43C6-ACA8-A166FA503202}.Debug Shared.ActiveCfg = Debug Shared|Win32
		{E283229A-50AB-43C6-ACA8-A166FA503202}.Debug Shared.Build.0 = Debug Shared|Win32
		{E283229A-50AB-43C6-ACA8-A166FA503202}.Debug Static.ActiveCfg = Debug Static|Win32
		{E283229A-50AB-43C6-ACA8-A166FA503202}.Debug Static.Build.0 = Debug Static|Win32
		{E283229A-50AB-43C6-ACA8-A166FA503202}.Release Shared.ActiveCfg = Release Shared|Win32
		{E283229A-50AB-43C6-ACA8-A166FA503202}.Release Shared.Build.0 = Release Shared|Win32
		{E283229A-50AB-43C6-ACA8-A166FA503202}.Release Static.ActiveCfg = Release Static|Win32
		{E283229A-50AB-43C6-ACA8-A166FA503202}.Release Static.Build.0 = Release Static|Win32
		{D5702BF2-5DFF-4C4D-BF2B-51C62E38CF07}.Debug Shared.ActiveCfg = Debug Shared|Win32
		{D5702BF2-5DFF-4C4D-BF2B-51C62E38CF07}.Debug Shared.Build.0 = Debug Shared|Win32
		{D5702BF2-5DFF-4C4D-BF2B-51C62E38CF07}.Debug Static.ActiveCfg = Debug Static|Win32
		{D5702BF2-5DFF-4C4D-BF2B-51C62E38CF07}.Debug Static.Build.0 = Debug Static|Win32
		{D5702BF2-5DFF-4C4D-BF2B-51C62E38CF07}.Release Shared.ActiveCfg = Release Shared|Win32
		{D5702BF2-5DFF-4C4D-BF2B-51C62E38CF07}.Release Shared.Build.0 = Release Shared|Win32
		{D5702BF2-5DFF-4C4D-BF2B-51C62E38CF07}.Release Static.ActiveCfg = Release Static|Win32
		{D5702BF2-5DFF-4C4D-BF2B-51C62E38CF07}.Release Static.Build.0 = Release Static|Win32
		{54E784CC-8533-4303-B4ED-CCA01DE4BEC9}.Debug Shared.ActiveCfg = Debug Shared|Win32
		{54E784CC-8533-4303-B4ED-CCA01DE4BEC9}.Debug Shared.Build.0 = Debug Shared|Win32
		{54E784CC-8533-4303-B4ED-CCA01DE4BEC9}.Debug Static.ActiveCfg = Debug Static|Win32
		{54E784CC-8533-4303-B4ED-CCA01DE4BEC9}.Debug Static.Build.0 = Debug Static|Win32
		{54E784CC-8533-4303-B4ED-CCA01DE4BEC9}.Release Shared.ActiveCfg = Release Shared|Win32
		{54E784CC-8533-4303-B4ED-CCA01DE4BEC9}.Release Shared.Build.0 = Release Shared|Win32
		{54E784CC-8533-4303-B4ED-CCA01DE4BEC9}.Release Static.ActiveCfg = Release Static|Win32
		{54E784CC-8533-4303-B4ED-CCA01DE4BEC9}.Release Static.Build.0 = Release Static|Win32
		{4FF3A07C-1850-4374-A875-1F9EF930A311}.Debug Shared.ActiveCfg = Debug Shared|Win32
		{4FF3A07C-1850-4374-A875-1F9EF930A311}.Debug Shared.Build.0 = Debug Shared|Win32
		{4FF3A07C-1850-4374-A875-1F9EF930A311}.Debug Static.ActiveCfg = Debug Static|Win32
		{4FF3A07C-1850-4374-A875-1F9EF930A311}.Debug Static.Build.0 = Debug Static|Win32
		{4FF3A07C-1850-4374-A875-1F9EF930A311}.Release Shared.ActiveCfg = Release Shared|Win32
		{4FF3A07C-1850-4374-A875-1F9EF930A311}.Release Shared.Build.0 = Release Shared|Win32
		{4FF3A07C-1850-4374-A875-1F9EF930A311}.Release Static.ActiveCfg = Release Static|Win32
		{4FF3A07C-1850-4374-A875-1F9EF930A311}.Release Static.Build.0 = Release Static|Win32
		{196F6E20-49A1-4CB3-B702-E3AB0D1877B3}.Debug Shared.ActiveCfg = Debug Shared|Win32
		{196F6E20-49A1-4CB3-B702-E3AB0D1877B3}.Debug Shared.Build.0 = Debug Shared|Win32
		{196F6E20-49A1-4CB3-B702-E3AB0D1877B3}.Debug Static.ActiveCfg = Debug Static|Win32
		{196F6E20-49A1-4CB3-B702-E3AB0D1877B3}.Debug Static.Build.0 = Debug Static|Win32
		{196F6E20-49A1-4CB3-B702-E3AB0D1877B3}.Release Shared.ActiveCfg = Release Shared|Win32
		{196F6E20-49A1-4CB3-B702-E3AB0D1877B3}.Release Shared.Build.0 = Release Shared|Win32
		{196F6E20-49A1-4CB3-B702-E3AB0D1877B3}.Release Static.ActiveCfg = Release Static|Win32
		{196F6E20-49A1-4CB3-B702-E3AB0D1877B3}.Release Static.Build.0 = Release Static|Win32
		{6150145B-B7EF-4E47-AC1B-C54956CEB2B3}.Debug Shared.ActiveCfg = Debug Shared|Win32
		{6150145B-B7EF-4E47-AC1B-C54956CEB2B3}.Debug Shared.Build.0 = Debug Shared|Win32
		{6150145B-B7EF-4E47-AC1B-C54956CEB2B3}.Debug Static.ActiveCfg = Debug Static|Win32
		{6150145B-B7EF-4E47-AC1B-C54956CEB2B3}.Debug Static.Build.0 = Debug Static|Win32
		{6150145B-B7EF-4E47-AC1B-C54956CEB2B3}.Release Shared.ActiveCfg = Release Shared|Win32
		{6150145B-B7EF-4E47-AC1B-C54956CEB2B3}.Release Shared.Build.0 = Release Shared|Win32
		{6150145B-B7EF-4E47-AC1B-C54956CEB2B3}.Release Static.ActiveCfg = Release Static|Win32
		{6150145B-B7EF-4E47-AC1B-C54956CEB2B3}.Release Static.Build.0 = Release Static|Win32
		{694B8C60-85A2-4881-B480-CAE8769F3D63}.Debug Shared.ActiveCfg = Debug Shared|Win32
		{694B8C60-85A2-4881-B480-CAE8769F3D63}.Debug Shared.Build.0 = Debug Shared|Win32
		{694B8C60-85A2-4881-B480-CAE8769F3D63}.Debug Static.ActiveCfg = Debug Static|Win32
		{694B8C60-85A2-4881-B480-CAE8769F3D63}.Debug Static.Build.0 = Debug Static|Win32
		{694B8C60-85A2-4881-B480-CAE8769F3D63}.Release Shared.ActiveCfg = Release Shared|Win32
		{694B8C60-85A2-4881-B480-CAE8769F3D63}.Release Shared.Build.0 = Release Shared|Win32
		{694B8C60-85A2-4881-B480-CAE8769F3D63}.Release Static.ActiveCfg = Release Static|Win32
		{694B8C60-85A2-4881-B480-CAE8769F3D63}.Release Static.Build.0 = Release Static|Win32
		{4EC95061-EA84-49DB-86B3-4FA75CA677C5}.Debug Shared.ActiveCfg = Debug Shared|Win32
		{4EC95061-EA84-49DB-86B3-4FA75CA677C5}.Debug Shared.Build.0 = Debug Shared|Win32
		{4EC95061-EA84-49DB-86B3-4FA75CA677C5}.Debug Static.ActiveCfg = Debug Static|Win32
		{4EC95061-EA84-49DB-86B3-4FA75CA677C5}.Debug Static.Build.0 = Debug Static|Win32
		{4EC95061-EA84-49DB-86B3-4FA75CA677C5}.Release Shared.ActiveCfg = Release Shared|Win32
		{4EC95061-EA84-49DB-86B3-4FA75CA677C5}.Release Shared.Build.0 = Release Shared|Win32
		{4EC95061-EA84-49DB-86B3-4FA75CA677C5}.Release Static.ActiveCfg = Release Static|Win32
		{4EC95061-EA84-49DB-86B3-4FA75CA677C5}.Release Static.Build.0 = Release Static|Win32
		{936552A5-D1F7-45E0-8E73-8F52982504E3}.Debug Shared.ActiveCfg = Debug Shared|Win32
		{936552A5-D1F7-45E0-8E73-8F52982504E3}.Debug Shared.Build.0 = Debug Shared|Win32
		{936552A5-D1F7-45E0-8E73-8F52982504E3}.Debug Static.ActiveCfg = Debug Static|Win32
		{936552A5-D1F7-45E0-8E73-8F52982504E3}.Debug Static.Build.0 = Debug Static|Win32
		{936552A5-D1F7-45E0-8E73-8F52982504E3}.Release Shared.ActiveCfg = Release Shared|Win32
		{936552A5-D1F7-45E0-8E73-8F52982504E3}.Release Shared.Build.0 = Release Shared|Win32
		{936552A5-D1F7-45E0-8E73-8F52982504E3}.Release Static.ActiveCfg = Release Static|Win32
		{936552A5-D1F7-45E0-8E73-8F52982504E3}.Release Static.Build.0 = Release Static|Win32
	EndGlobalSection
	GlobalSection(ExtensibilityGlobals) = postSolution
	EndGlobalSection
	GlobalSection(ExtensibilityAddIns) = postSolution
	EndGlobalSection
EndGlobal
