Microsoft Visual Studio Solution File, Format Version 8.00
Project("{8BC9CEB8-8B4A-11D0-8D11-00A0C91BC942}") = "Vaca", "Vaca.vcproj", "{8D727CA7-3DF0-410A-82B4-F5703EF0EB7E}"
	ProjectSection(ProjectDependencies) = postProject
	EndProjectSection
EndProject
Project("{8BC9CEB8-8B4A-11D0-8D11-00A0C91BC942}") = "AnchorLayouts", "AnchorLayouts.vcproj", "{9F022A4C-847E-40B7-A2CA-C5A4D4565671}"
	ProjectSection(ProjectDependencies) = postProject
		{8D727CA7-3DF0-410A-82B4-F5703EF0EB7E} = {8D727CA7-3DF0-410A-82B4-F5703EF0EB7E}
	EndProjectSection
EndProject
Project("{8BC9CEB8-8B4A-11D0-8D11-00A0C91BC942}") = "AutoCompletion", "AutoCompletion.vcproj", "{DBC2542B-5670-4354-9BF5-622540965436}"
	ProjectSection(ProjectDependencies) = postProject
		{8D727CA7-3DF0-410A-82B4-F5703EF0EB7E} = {8D727CA7-3DF0-410A-82B4-F5703EF0EB7E}
	EndProjectSection
EndProject
Project("{8BC9CEB8-8B4A-11D0-8D11-00A0C91BC942}") = "Bixes", "Bixes.vcproj", "{75515F02-A2F0-4C04-A9BB-20BE3FFD6DC4}"
	ProjectSection(ProjectDependencies) = postProject
		{8D727CA7-3DF0-410A-82B4-F5703EF0EB7E} = {8D727CA7-3DF0-410A-82B4-F5703EF0EB7E}
	EndProjectSection
EndProject
Project("{8BC9CEB8-8B4A-11D0-8D11-00A0C91BC942}") = "BouncingBalls", "BouncingBalls.vcproj", "{BA4FC071-C70F-4803-AB87-48424862ABBA}"
	ProjectSection(ProjectDependencies) = postProject
		{8D727CA7-3DF0-410A-82B4-F5703EF0EB7E} = {8D727CA7-3DF0-410A-82B4-F5703EF0EB7E}
	EndProjectSection
EndProject
Project("{8BC9CEB8-8B4A-11D0-8D11-00A0C91BC942}") = "BoxLayouts", "BoxLayouts.vcproj", "{02166773-1412-4884-9BC7-F4E20A0F1282}"
	ProjectSection(ProjectDependencies) = postProject
		{8D727CA7-3DF0-410A-82B4-F5703EF0EB7E} = {8D727CA7-3DF0-410A-82B4-F5703EF0EB7E}
	EndProjectSection
EndProject
Project("{8BC9CEB8-8B4A-11D0-8D11-00A0C91BC942}") = "Buttons", "Buttons.vcproj", "{34A2BDB8-99D2-4371-890C-D60AFA252EA8}"
	ProjectSection(ProjectDependencies) = postProject
		{8D727CA7-3DF0-410A-82B4-F5703EF0EB7E} = {8D727CA7-3DF0-410A-82B4-F5703EF0EB7E}
	EndProjectSection
EndProject
Project("{8BC9CEB8-8B4A-11D0-8D11-00A0C91BC942}") = "ColoredButton", "ColoredButton.vcproj", "{C19EB34A-E322-4568-B8C6-9CB90D9C6444}"
	ProjectSection(ProjectDependencies) = postProject
		{8D727CA7-3DF0-410A-82B4-F5703EF0EB7E} = {8D727CA7-3DF0-410A-82B4-F5703EF0EB7E}
	EndProjectSection
EndProject
Project("{8BC9CEB8-8B4A-11D0-8D11-00A0C91BC942}") = "ComboBoxes", "ComboBoxes.vcproj", "{665F66D8-6170-44D1-83D5-0F7CA2991514}"
	ProjectSection(ProjectDependencies) = postProject
		{8D727CA7-3DF0-410A-82B4-F5703EF0EB7E} = {8D727CA7-3DF0-410A-82B4-F5703EF0EB7E}
	EndProjectSection
EndProject
Project("{8BC9CEB8-8B4A-11D0-8D11-00A0C91BC942}") = "Commands", "Commands.vcproj", "{606DF07D-F8FD-43D7-9468-748A15AD6C9A}"
	ProjectSection(ProjectDependencies) = postProject
		{8D727CA7-3DF0-410A-82B4-F5703EF0EB7E} = {8D727CA7-3DF0-410A-82B4-F5703EF0EB7E}
	EndProjectSection
EndProject
Project("{8BC9CEB8-8B4A-11D0-8D11-00A0C91BC942}") = "CommandsAlt", "CommandsAlt.vcproj", "{34B727BE-4B6B-4BD7-977E-20B863E63C3F}"
	ProjectSection(ProjectDependencies) = postProject
		{8D727CA7-3DF0-410A-82B4-F5703EF0EB7E} = {8D727CA7-3DF0-410A-82B4-F5703EF0EB7E}
	EndProjectSection
EndProject
Project("{8BC9CEB8-8B4A-11D0-8D11-00A0C91BC942}") = "DataGrids", "DataGrids.vcproj", "{48EF4A46-4A4F-4574-B1B8-D86ADC986FC4}"
	ProjectSection(ProjectDependencies) = postProject
		{8D727CA7-3DF0-410A-82B4-F5703EF0EB7E} = {8D727CA7-3DF0-410A-82B4-F5703EF0EB7E}
	EndProjectSection
EndProject
Project("{8BC9CEB8-8B4A-11D0-8D11-00A0C91BC942}") = "EditableListBox", "EditableListBox.vcproj", "{9B470FA5-65FB-40AB-8FE3-767DB3A7943C}"
	ProjectSection(ProjectDependencies) = postProject
		{8D727CA7-3DF0-410A-82B4-F5703EF0EB7E} = {8D727CA7-3DF0-410A-82B4-F5703EF0EB7E}
	EndProjectSection
EndProject
Project("{8BC9CEB8-8B4A-11D0-8D11-00A0C91BC942}") = "Edits", "Edits.vcproj", "{D20F12D0-A22A-412F-8B02-4A3A4F8F513D}"
	ProjectSection(ProjectDependencies) = postProject
		{8D727CA7-3DF0-410A-82B4-F5703EF0EB7E} = {8D727CA7-3DF0-410A-82B4-F5703EF0EB7E}
	EndProjectSection
EndProject
Project("{8BC9CEB8-8B4A-11D0-8D11-00A0C91BC942}") = "EyeDropper", "EyeDropper.vcproj", "{99D4CF30-5BD8-402C-90BC-92A1A59D61EF}"
	ProjectSection(ProjectDependencies) = postProject
		{8D727CA7-3DF0-410A-82B4-F5703EF0EB7E} = {8D727CA7-3DF0-410A-82B4-F5703EF0EB7E}
	EndProjectSection
EndProject
Project("{8BC9CEB8-8B4A-11D0-8D11-00A0C91BC942}") = "FontMetrics", "FontMetrics.vcproj", "{1C3A566C-84EF-42A5-87F7-75FF76438150}"
	ProjectSection(ProjectDependencies) = postProject
		{8D727CA7-3DF0-410A-82B4-F5703EF0EB7E} = {8D727CA7-3DF0-410A-82B4-F5703EF0EB7E}
	EndProjectSection
EndProject
Project("{8BC9CEB8-8B4A-11D0-8D11-00A0C91BC942}") = "FreeOfLayout", "FreeOfLayout.vcproj", "{9260EB2B-6E97-4064-B017-01E573F8E96C}"
	ProjectSection(ProjectDependencies) = postProject
		{8D727CA7-3DF0-410A-82B4-F5703EF0EB7E} = {8D727CA7-3DF0-410A-82B4-F5703EF0EB7E}
	EndProjectSection
EndProject
Project("{8BC9CEB8-8B4A-11D0-8D11-00A0C91BC942}") = "Hashing", "Hashing.vcproj", "{102F9EB4-9AD5-4030-929C-CAC762D8D5E7}"
	ProjectSection(ProjectDependencies) = postProject
		{8D727CA7-3DF0-410A-82B4-F5703EF0EB7E} = {8D727CA7-3DF0-410A-82B4-F5703EF0EB7E}
	EndProjectSection
EndProject
Project("{8BC9CEB8-8B4A-11D0-8D11-00A0C91BC942}") = "HelloWorld", "HelloWorld.vcproj", "{037B6A8B-07BD-460F-AE3F-4EC19017F874}"
	ProjectSection(ProjectDependencies) = postProject
		{8D727CA7-3DF0-410A-82B4-F5703EF0EB7E} = {8D727CA7-3DF0-410A-82B4-F5703EF0EB7E}
	EndProjectSection
EndProject
Project("{8BC9CEB8-8B4A-11D0-8D11-00A0C91BC942}") = "Images", "Images.vcproj", "{D3F569B2-3B21-4F98-8FC9-2F90B446995C}"
	ProjectSection(ProjectDependencies) = postProject
		{8D727CA7-3DF0-410A-82B4-F5703EF0EB7E} = {8D727CA7-3DF0-410A-82B4-F5703EF0EB7E}
	EndProjectSection
EndProject
Project("{8BC9CEB8-8B4A-11D0-8D11-00A0C91BC942}") = "Labels", "Labels.vcproj", "{C32D7C03-164A-42E5-878A-99D9165DD26D}"
	ProjectSection(ProjectDependencies) = postProject
		{8D727CA7-3DF0-410A-82B4-F5703EF0EB7E} = {8D727CA7-3DF0-410A-82B4-F5703EF0EB7E}
	EndProjectSection
EndProject
Project("{8BC9CEB8-8B4A-11D0-8D11-00A0C91BC942}") = "LikeDOS", "LikeDOS.vcproj", "{A460C885-9582-4B95-A340-FF9F2F038DC2}"
	ProjectSection(ProjectDependencies) = postProject
		{8D727CA7-3DF0-410A-82B4-F5703EF0EB7E} = {8D727CA7-3DF0-410A-82B4-F5703EF0EB7E}
	EndProjectSection
EndProject
Project("{8BC9CEB8-8B4A-11D0-8D11-00A0C91BC942}") = "LikeScript", "LikeScript.vcproj", "{BBA083E3-5F97-4489-89B3-A0572164C4FF}"
	ProjectSection(ProjectDependencies) = postProject
		{8D727CA7-3DF0-410A-82B4-F5703EF0EB7E} = {8D727CA7-3DF0-410A-82B4-F5703EF0EB7E}
	EndProjectSection
EndProject
Project("{8BC9CEB8-8B4A-11D0-8D11-00A0C91BC942}") = "Maths", "Maths.vcproj", "{C6A5006C-F554-4DA4-86DD-15FBA3D6320C}"
	ProjectSection(ProjectDependencies) = postProject
		{8D727CA7-3DF0-410A-82B4-F5703EF0EB7E} = {8D727CA7-3DF0-410A-82B4-F5703EF0EB7E}
	EndProjectSection
EndProject
Project("{8BC9CEB8-8B4A-11D0-8D11-00A0C91BC942}") = "MenuResource", "MenuResource.vcproj", "{A5D2D045-50C1-4A9A-B2DF-B19ADB6F88A6}"
	ProjectSection(ProjectDependencies) = postProject
		{8D727CA7-3DF0-410A-82B4-F5703EF0EB7E} = {8D727CA7-3DF0-410A-82B4-F5703EF0EB7E}
	EndProjectSection
EndProject
Project("{8BC9CEB8-8B4A-11D0-8D11-00A0C91BC942}") = "MiniExplorer", "MiniExplorer.vcproj", "{4859DA7A-971E-4346-AA06-8C9208E523DC}"
	ProjectSection(ProjectDependencies) = postProject
		{8D727CA7-3DF0-410A-82B4-F5703EF0EB7E} = {8D727CA7-3DF0-410A-82B4-F5703EF0EB7E}
	EndProjectSection
EndProject
Project("{8BC9CEB8-8B4A-11D0-8D11-00A0C91BC942}") = "PensBrushes", "PensBrushes.vcproj", "{0B6F1B96-0F42-4A17-BD3C-5641EF2FCA12}"
	ProjectSection(ProjectDependencies) = postProject
		{8D727CA7-3DF0-410A-82B4-F5703EF0EB7E} = {8D727CA7-3DF0-410A-82B4-F5703EF0EB7E}
	EndProjectSection
EndProject
Project("{8BC9CEB8-8B4A-11D0-8D11-00A0C91BC942}") = "Primitives", "Primitives.vcproj", "{101DEFBC-F39B-42DA-87AE-F86FCC9BAB4D}"
	ProjectSection(ProjectDependencies) = postProject
		{8D727CA7-3DF0-410A-82B4-F5703EF0EB7E} = {8D727CA7-3DF0-410A-82B4-F5703EF0EB7E}
	EndProjectSection
EndProject
Project("{8BC9CEB8-8B4A-11D0-8D11-00A0C91BC942}") = "ProgressBars", "ProgressBars.vcproj", "{9CA40F6E-B45A-4DB9-BCD5-F0CB95EE53F3}"
	ProjectSection(ProjectDependencies) = postProject
		{8D727CA7-3DF0-410A-82B4-F5703EF0EB7E} = {8D727CA7-3DF0-410A-82B4-F5703EF0EB7E}
	EndProjectSection
EndProject
Project("{8BC9CEB8-8B4A-11D0-8D11-00A0C91BC942}") = "Regions", "Regions.vcproj", "{CEBB603D-35F4-4A04-8807-5810560B8F91}"
	ProjectSection(ProjectDependencies) = postProject
		{8D727CA7-3DF0-410A-82B4-F5703EF0EB7E} = {8D727CA7-3DF0-410A-82B4-F5703EF0EB7E}
	EndProjectSection
EndProject
Project("{8BC9CEB8-8B4A-11D0-8D11-00A0C91BC942}") = "Scribble", "Scribble.vcproj", "{EFFA5755-65FA-4DD9-B037-4B5E35C2742E}"
	ProjectSection(ProjectDependencies) = postProject
		{8D727CA7-3DF0-410A-82B4-F5703EF0EB7E} = {8D727CA7-3DF0-410A-82B4-F5703EF0EB7E}
	EndProjectSection
EndProject
Project("{8BC9CEB8-8B4A-11D0-8D11-00A0C91BC942}") = "Sliders", "Sliders.vcproj", "{621F4C29-0D46-4F2C-9A16-8E4B24985D27}"
	ProjectSection(ProjectDependencies) = postProject
		{8D727CA7-3DF0-410A-82B4-F5703EF0EB7E} = {8D727CA7-3DF0-410A-82B4-F5703EF0EB7E}
	EndProjectSection
EndProject
Project("{8BC9CEB8-8B4A-11D0-8D11-00A0C91BC942}") = "Spinners", "Spinners.vcproj", "{681EB18C-98E0-46B2-A007-C859795353EC}"
	ProjectSection(ProjectDependencies) = postProject
		{8D727CA7-3DF0-410A-82B4-F5703EF0EB7E} = {8D727CA7-3DF0-410A-82B4-F5703EF0EB7E}
	EndProjectSection
EndProject
Project("{8BC9CEB8-8B4A-11D0-8D11-00A0C91BC942}") = "StdCommands", "StdCommands.vcproj", "{0A88A4D3-C1C3-425B-A90F-1F3B0442D5C1}"
	ProjectSection(ProjectDependencies) = postProject
		{8D727CA7-3DF0-410A-82B4-F5703EF0EB7E} = {8D727CA7-3DF0-410A-82B4-F5703EF0EB7E}
	EndProjectSection
EndProject
Project("{8BC9CEB8-8B4A-11D0-8D11-00A0C91BC942}") = "Sudoku", "Sudoku.vcproj", "{4D07FF67-A62B-4B9A-A26E-CD033A3120C5}"
	ProjectSection(ProjectDependencies) = postProject
		{8D727CA7-3DF0-410A-82B4-F5703EF0EB7E} = {8D727CA7-3DF0-410A-82B4-F5703EF0EB7E}
	EndProjectSection
EndProject
Project("{8BC9CEB8-8B4A-11D0-8D11-00A0C91BC942}") = "SystemImageList", "SystemImageList.vcproj", "{17FCAD1B-8697-43A7-8DA9-3B96AF79EA5A}"
	ProjectSection(ProjectDependencies) = postProject
		{8D727CA7-3DF0-410A-82B4-F5703EF0EB7E} = {8D727CA7-3DF0-410A-82B4-F5703EF0EB7E}
	EndProjectSection
EndProject
Project("{8BC9CEB8-8B4A-11D0-8D11-00A0C91BC942}") = "Tabs", "Tabs.vcproj", "{962B1AE6-82BE-4B0E-A5F7-418E9364048C}"
	ProjectSection(ProjectDependencies) = postProject
		{8D727CA7-3DF0-410A-82B4-F5703EF0EB7E} = {8D727CA7-3DF0-410A-82B4-F5703EF0EB7E}
	EndProjectSection
EndProject
Project("{8BC9CEB8-8B4A-11D0-8D11-00A0C91BC942}") = "TextEditor", "TextEditor.vcproj", "{2A974FD3-256C-4B66-8A79-C96E34F2C3C9}"
	ProjectSection(ProjectDependencies) = postProject
		{8D727CA7-3DF0-410A-82B4-F5703EF0EB7E} = {8D727CA7-3DF0-410A-82B4-F5703EF0EB7E}
	EndProjectSection
EndProject
Project("{8BC9CEB8-8B4A-11D0-8D11-00A0C91BC942}") = "ThreadKiller", "ThreadKiller.vcproj", "{FC28465C-1140-4F74-84F5-62D904C688D5}"
	ProjectSection(ProjectDependencies) = postProject
		{8D727CA7-3DF0-410A-82B4-F5703EF0EB7E} = {8D727CA7-3DF0-410A-82B4-F5703EF0EB7E}
	EndProjectSection
EndProject
Project("{8BC9CEB8-8B4A-11D0-8D11-00A0C91BC942}") = "Threads", "Threads.vcproj", "{18D22A1D-88C2-43F5-BB7F-7B82157C8D4A}"
	ProjectSection(ProjectDependencies) = postProject
		{8D727CA7-3DF0-410A-82B4-F5703EF0EB7E} = {8D727CA7-3DF0-410A-82B4-F5703EF0EB7E}
	EndProjectSection
EndProject
Project("{8BC9CEB8-8B4A-11D0-8D11-00A0C91BC942}") = "Timers", "Timers.vcproj", "{B5F344A9-4176-4CAA-826D-18E8504E8876}"
	ProjectSection(ProjectDependencies) = postProject
		{8D727CA7-3DF0-410A-82B4-F5703EF0EB7E} = {8D727CA7-3DF0-410A-82B4-F5703EF0EB7E}
	EndProjectSection
EndProject
Project("{8BC9CEB8-8B4A-11D0-8D11-00A0C91BC942}") = "ToolBars", "ToolBars.vcproj", "{7FFA61C3-470F-4A7A-A3D0-6F47ECF6EE81}"
	ProjectSection(ProjectDependencies) = postProject
		{8D727CA7-3DF0-410A-82B4-F5703EF0EB7E} = {8D727CA7-3DF0-410A-82B4-F5703EF0EB7E}
	EndProjectSection
EndProject
Project("{8BC9CEB8-8B4A-11D0-8D11-00A0C91BC942}") = "Trees", "Trees.vcproj", "{B912F26B-9B0D-484D-BA3E-AB02B854ECF9}"
	ProjectSection(ProjectDependencies) = postProject
		{8D727CA7-3DF0-410A-82B4-F5703EF0EB7E} = {8D727CA7-3DF0-410A-82B4-F5703EF0EB7E}
	EndProjectSection
EndProject
Project("{8BC9CEB8-8B4A-11D0-8D11-00A0C91BC942}") = "Xuls", "Xuls.vcproj", "{214B6A40-0203-4DA7-B06A-A25CBE8F100A}"
	ProjectSection(ProjectDependencies) = postProject
		{8D727CA7-3DF0-410A-82B4-F5703EF0EB7E} = {8D727CA7-3DF0-410A-82B4-F5703EF0EB7E}
	EndProjectSection
EndProject
Global
	GlobalSection(SolutionConfiguration) = preSolution
		Debug Shared = Debug Shared
		Debug Static = Debug Static
		Release Shared = Release Shared
		Release Static = Release Static
	EndGlobalSection
	GlobalSection(ProjectConfiguration) = postSolution
		{9F022A4C-847E-40B7-A2CA-C5A4D4565671}.Debug Shared.ActiveCfg = Debug Shared|Win32
		{9F022A4C-847E-40B7-A2CA-C5A4D4565671}.Debug Shared.Build.0 = Debug Shared|Win32
		{9F022A4C-847E-40B7-A2CA-C5A4D4565671}.Debug Static.ActiveCfg = Debug Static|Win32
		{9F022A4C-847E-40B7-A2CA-C5A4D4565671}.Debug Static.Build.0 = Debug Static|Win32
		{9F022A4C-847E-40B7-A2CA-C5A4D4565671}.Release Shared.ActiveCfg = Release Shared|Win32
		{9F022A4C-847E-40B7-A2CA-C5A4D4565671}.Release Shared.Build.0 = Release Shared|Win32
		{9F022A4C-847E-40B7-A2CA-C5A4D4565671}.Release Static.ActiveCfg = Release Static|Win32
		{9F022A4C-847E-40B7-A2CA-C5A4D4565671}.Release Static.Build.0 = Release Static|Win32
		{DBC2542B-5670-4354-9BF5-622540965436}.Debug Shared.ActiveCfg = Debug Shared|Win32
		{DBC2542B-5670-4354-9BF5-622540965436}.Debug Shared.Build.0 = Debug Shared|Win32
		{DBC2542B-5670-4354-9BF5-622540965436}.Debug Static.ActiveCfg = Debug Static|Win32
		{DBC2542B-5670-4354-9BF5-622540965436}.Debug Static.Build.0 = Debug Static|Win32
		{DBC2542B-5670-4354-9BF5-622540965436}.Release Shared.ActiveCfg = Release Shared|Win32
		{DBC2542B-5670-4354-9BF5-622540965436}.Release Shared.Build.0 = Release Shared|Win32
		{DBC2542B-5670-4354-9BF5-622540965436}.Release Static.ActiveCfg = Release Static|Win32
		{DBC2542B-5670-4354-9BF5-622540965436}.Release Static.Build.0 = Release Static|Win32
		{75515F02-A2F0-4C04-A9BB-20BE3FFD6DC4}.Debug Shared.ActiveCfg = Debug Shared|Win32
		{75515F02-A2F0-4C04-A9BB-20BE3FFD6DC4}.Debug Shared.Build.0 = Debug Shared|Win32
		{75515F02-A2F0-4C04-A9BB-20BE3FFD6DC4}.Debug Static.ActiveCfg = Debug Static|Win32
		{75515F02-A2F0-4C04-A9BB-20BE3FFD6DC4}.Debug Static.Build.0 = Debug Static|Win32
		{75515F02-A2F0-4C04-A9BB-20BE3FFD6DC4}.Release Shared.ActiveCfg = Release Shared|Win32
		{75515F02-A2F0-4C04-A9BB-20BE3FFD6DC4}.Release Shared.Build.0 = Release Shared|Win32
		{75515F02-A2F0-4C04-A9BB-20BE3FFD6DC4}.Release Static.ActiveCfg = Release Static|Win32
		{75515F02-A2F0-4C04-A9BB-20BE3FFD6DC4}.Release Static.Build.0 = Release Static|Win32
		{BA4FC071-C70F-4803-AB87-48424862ABBA}.Debug Shared.ActiveCfg = Debug Shared|Win32
		{BA4FC071-C70F-4803-AB87-48424862ABBA}.Debug Shared.Build.0 = Debug Shared|Win32
		{BA4FC071-C70F-4803-AB87-48424862ABBA}.Debug Static.ActiveCfg = Debug Static|Win32
		{BA4FC071-C70F-4803-AB87-48424862ABBA}.Debug Static.Build.0 = Debug Static|Win32
		{BA4FC071-C70F-4803-AB87-48424862ABBA}.Release Shared.ActiveCfg = Release Shared|Win32
		{BA4FC071-C70F-4803-AB87-48424862ABBA}.Release Shared.Build.0 = Release Shared|Win32
		{BA4FC071-C70F-4803-AB87-48424862ABBA}.Release Static.ActiveCfg = Release Static|Win32
		{BA4FC071-C70F-4803-AB87-48424862ABBA}.Release Static.Build.0 = Release Static|Win32
		{02166773-1412-4884-9BC7-F4E20A0F1282}.Debug Shared.ActiveCfg = Debug Shared|Win32
		{02166773-1412-4884-9BC7-F4E20A0F1282}.Debug Shared.Build.0 = Debug Shared|Win32
		{02166773-1412-4884-9BC7-F4E20A0F1282}.Debug Static.ActiveCfg = Debug Static|Win32
		{02166773-1412-4884-9BC7-F4E20A0F1282}.Debug Static.Build.0 = Debug Static|Win32
		{02166773-1412-4884-9BC7-F4E20A0F1282}.Release Shared.ActiveCfg = Release Shared|Win32
		{02166773-1412-4884-9BC7-F4E20A0F1282}.Release Shared.Build.0 = Release Shared|Win32
		{02166773-1412-4884-9BC7-F4E20A0F1282}.Release Static.ActiveCfg = Release Static|Win32
		{02166773-1412-4884-9BC7-F4E20A0F1282}.Release Static.Build.0 = Release Static|Win32
		{34A2BDB8-99D2-4371-890C-D60AFA252EA8}.Debug Shared.ActiveCfg = Debug Shared|Win32
		{34A2BDB8-99D2-4371-890C-D60AFA252EA8}.Debug Shared.Build.0 = Debug Shared|Win32
		{34A2BDB8-99D2-4371-890C-D60AFA252EA8}.Debug Static.ActiveCfg = Debug Static|Win32
		{34A2BDB8-99D2-4371-890C-D60AFA252EA8}.Debug Static.Build.0 = Debug Static|Win32
		{34A2BDB8-99D2-4371-890C-D60AFA252EA8}.Release Shared.ActiveCfg = Release Shared|Win32
		{34A2BDB8-99D2-4371-890C-D60AFA252EA8}.Release Shared.Build.0 = Release Shared|Win32
		{34A2BDB8-99D2-4371-890C-D60AFA252EA8}.Release Static.ActiveCfg = Release Static|Win32
		{34A2BDB8-99D2-4371-890C-D60AFA252EA8}.Release Static.Build.0 = Release Static|Win32
		{C19EB34A-E322-4568-B8C6-9CB90D9C6444}.Debug Shared.ActiveCfg = Debug Shared|Win32
		{C19EB34A-E322-4568-B8C6-9CB90D9C6444}.Debug Shared.Build.0 = Debug Shared|Win32
		{C19EB34A-E322-4568-B8C6-9CB90D9C6444}.Debug Static.ActiveCfg = Debug Static|Win32
		{C19EB34A-E322-4568-B8C6-9CB90D9C6444}.Debug Static.Build.0 = Debug Static|Win32
		{C19EB34A-E322-4568-B8C6-9CB90D9C6444}.Release Shared.ActiveCfg = Release Shared|Win32
		{C19EB34A-E322-4568-B8C6-9CB90D9C6444}.Release Shared.Build.0 = Release Shared|Win32
		{C19EB34A-E322-4568-B8C6-9CB90D9C6444}.Release Static.ActiveCfg = Release Static|Win32
		{C19EB34A-E322-4568-B8C6-9CB90D9C6444}.Release Static.Build.0 = Release Static|Win32
		{665F66D8-6170-44D1-83D5-0F7CA2991514}.Debug Shared.ActiveCfg = Debug Shared|Win32
		{665F66D8-6170-44D1-83D5-0F7CA2991514}.Debug Shared.Build.0 = Debug Shared|Win32
		{665F66D8-6170-44D1-83D5-0F7CA2991514}.Debug Static.ActiveCfg = Debug Static|Win32
		{665F66D8-6170-44D1-83D5-0F7CA2991514}.Debug Static.Build.0 = Debug Static|Win32
		{665F66D8-6170-44D1-83D5-0F7CA2991514}.Release Shared.ActiveCfg = Release Shared|Win32
		{665F66D8-6170-44D1-83D5-0F7CA2991514}.Release Shared.Build.0 = Release Shared|Win32
		{665F66D8-6170-44D1-83D5-0F7CA2991514}.Release Static.ActiveCfg = Release Static|Win32
		{665F66D8-6170-44D1-83D5-0F7CA2991514}.Release Static.Build.0 = Release Static|Win32
		{606DF07D-F8FD-43D7-9468-748A15AD6C9A}.Debug Shared.ActiveCfg = Debug Shared|Win32
		{606DF07D-F8FD-43D7-9468-748A15AD6C9A}.Debug Shared.Build.0 = Debug Shared|Win32
		{606DF07D-F8FD-43D7-9468-748A15AD6C9A}.Debug Static.ActiveCfg = Debug Static|Win32
		{606DF07D-F8FD-43D7-9468-748A15AD6C9A}.Debug Static.Build.0 = Debug Static|Win32
		{606DF07D-F8FD-43D7-9468-748A15AD6C9A}.Release Shared.ActiveCfg = Release Shared|Win32
		{606DF07D-F8FD-43D7-9468-748A15AD6C9A}.Release Shared.Build.0 = Release Shared|Win32
		{606DF07D-F8FD-43D7-9468-748A15AD6C9A}.Release Static.ActiveCfg = Release Static|Win32
		{606DF07D-F8FD-43D7-9468-748A15AD6C9A}.Release Static.Build.0 = Release Static|Win32
		{34B727BE-4B6B-4BD7-977E-20B863E63C3F}.Debug Shared.ActiveCfg = Debug Shared|Win32
		{34B727BE-4B6B-4BD7-977E-20B863E63C3F}.Debug Shared.Build.0 = Debug Shared|Win32
		{34B727BE-4B6B-4BD7-977E-20B863E63C3F}.Debug Static.ActiveCfg = Debug Static|Win32
		{34B727BE-4B6B-4BD7-977E-20B863E63C3F}.Debug Static.Build.0 = Debug Static|Win32
		{34B727BE-4B6B-4BD7-977E-20B863E63C3F}.Release Shared.ActiveCfg = Release Shared|Win32
		{34B727BE-4B6B-4BD7-977E-20B863E63C3F}.Release Shared.Build.0 = Release Shared|Win32
		{34B727BE-4B6B-4BD7-977E-20B863E63C3F}.Release Static.ActiveCfg = Release Static|Win32
		{34B727BE-4B6B-4BD7-977E-20B863E63C3F}.Release Static.Build.0 = Release Static|Win32
		{48EF4A46-4A4F-4574-B1B8-D86ADC986FC4}.Debug Shared.ActiveCfg = Debug Shared|Win32
		{48EF4A46-4A4F-4574-B1B8-D86ADC986FC4}.Debug Shared.Build.0 = Debug Shared|Win32
		{48EF4A46-4A4F-4574-B1B8-D86ADC986FC4}.Debug Static.ActiveCfg = Debug Static|Win32
		{48EF4A46-4A4F-4574-B1B8-D86ADC986FC4}.Debug Static.Build.0 = Debug Static|Win32
		{48EF4A46-4A4F-4574-B1B8-D86ADC986FC4}.Release Shared.ActiveCfg = Release Shared|Win32
		{48EF4A46-4A4F-4574-B1B8-D86ADC986FC4}.Release Shared.Build.0 = Release Shared|Win32
		{48EF4A46-4A4F-4574-B1B8-D86ADC986FC4}.Release Static.ActiveCfg = Release Static|Win32
		{48EF4A46-4A4F-4574-B1B8-D86ADC986FC4}.Release Static.Build.0 = Release Static|Win32
		{9B470FA5-65FB-40AB-8FE3-767DB3A7943C}.Debug Shared.ActiveCfg = Debug Shared|Win32
		{9B470FA5-65FB-40AB-8FE3-767DB3A7943C}.Debug Shared.Build.0 = Debug Shared|Win32
		{9B470FA5-65FB-40AB-8FE3-767DB3A7943C}.Debug Static.ActiveCfg = Debug Static|Win32
		{9B470FA5-65FB-40AB-8FE3-767DB3A7943C}.Debug Static.Build.0 = Debug Static|Win32
		{9B470FA5-65FB-40AB-8FE3-767DB3A7943C}.Release Shared.ActiveCfg = Release Shared|Win32
		{9B470FA5-65FB-40AB-8FE3-767DB3A7943C}.Release Shared.Build.0 = Release Shared|Win32
		{9B470FA5-65FB-40AB-8FE3-767DB3A7943C}.Release Static.ActiveCfg = Release Static|Win32
		{9B470FA5-65FB-40AB-8FE3-767DB3A7943C}.Release Static.Build.0 = Release Static|Win32
		{D20F12D0-A22A-412F-8B02-4A3A4F8F513D}.Debug Shared.ActiveCfg = Debug Shared|Win32
		{D20F12D0-A22A-412F-8B02-4A3A4F8F513D}.Debug Shared.Build.0 = Debug Shared|Win32
		{D20F12D0-A22A-412F-8B02-4A3A4F8F513D}.Debug Static.ActiveCfg = Debug Static|Win32
		{D20F12D0-A22A-412F-8B02-4A3A4F8F513D}.Debug Static.Build.0 = Debug Static|Win32
		{D20F12D0-A22A-412F-8B02-4A3A4F8F513D}.Release Shared.ActiveCfg = Release Shared|Win32
		{D20F12D0-A22A-412F-8B02-4A3A4F8F513D}.Release Shared.Build.0 = Release Shared|Win32
		{D20F12D0-A22A-412F-8B02-4A3A4F8F513D}.Release Static.ActiveCfg = Release Static|Win32
		{D20F12D0-A22A-412F-8B02-4A3A4F8F513D}.Release Static.Build.0 = Release Static|Win32
		{99D4CF30-5BD8-402C-90BC-92A1A59D61EF}.Debug Shared.ActiveCfg = Debug Shared|Win32
		{99D4CF30-5BD8-402C-90BC-92A1A59D61EF}.Debug Shared.Build.0 = Debug Shared|Win32
		{99D4CF30-5BD8-402C-90BC-92A1A59D61EF}.Debug Static.ActiveCfg = Debug Static|Win32
		{99D4CF30-5BD8-402C-90BC-92A1A59D61EF}.Debug Static.Build.0 = Debug Static|Win32
		{99D4CF30-5BD8-402C-90BC-92A1A59D61EF}.Release Shared.ActiveCfg = Release Shared|Win32
		{99D4CF30-5BD8-402C-90BC-92A1A59D61EF}.Release Shared.Build.0 = Release Shared|Win32
		{99D4CF30-5BD8-402C-90BC-92A1A59D61EF}.Release Static.ActiveCfg = Release Static|Win32
		{99D4CF30-5BD8-402C-90BC-92A1A59D61EF}.Release Static.Build.0 = Release Static|Win32
		{1C3A566C-84EF-42A5-87F7-75FF76438150}.Debug Shared.ActiveCfg = Debug Shared|Win32
		{1C3A566C-84EF-42A5-87F7-75FF76438150}.Debug Shared.Build.0 = Debug Shared|Win32
		{1C3A566C-84EF-42A5-87F7-75FF76438150}.Debug Static.ActiveCfg = Debug Static|Win32
		{1C3A566C-84EF-42A5-87F7-75FF76438150}.Debug Static.Build.0 = Debug Static|Win32
		{1C3A566C-84EF-42A5-87F7-75FF76438150}.Release Shared.ActiveCfg = Release Shared|Win32
		{1C3A566C-84EF-42A5-87F7-75FF76438150}.Release Shared.Build.0 = Release Shared|Win32
		{1C3A566C-84EF-42A5-87F7-75FF76438150}.Release Static.ActiveCfg = Release Static|Win32
		{1C3A566C-84EF-42A5-87F7-75FF76438150}.Release Static.Build.0 = Release Static|Win32
		{9260EB2B-6E97-4064-B017-01E573F8E96C}.Debug Shared.ActiveCfg = Debug Shared|Win32
		{9260EB2B-6E97-4064-B017-01E573F8E96C}.Debug Shared.Build.0 = Debug Shared|Win32
		{9260EB2B-6E97-4064-B017-01E573F8E96C}.Debug Static.ActiveCfg = Debug Static|Win32
		{9260EB2B-6E97-4064-B017-01E573F8E96C}.Debug Static.Build.0 = Debug Static|Win32
		{9260EB2B-6E97-4064-B017-01E573F8E96C}.Release Shared.ActiveCfg = Release Shared|Win32
		{9260EB2B-6E97-4064-B017-01E573F8E96C}.Release Shared.Build.0 = Release Shared|Win32
		{9260EB2B-6E97-4064-B017-01E573F8E96C}.Release Static.ActiveCfg = Release Static|Win32
		{9260EB2B-6E97-4064-B017-01E573F8E96C}.Release Static.Build.0 = Release Static|Win32
		{102F9EB4-9AD5-4030-929C-CAC762D8D5E7}.Debug Shared.ActiveCfg = Debug Shared|Win32
		{102F9EB4-9AD5-4030-929C-CAC762D8D5E7}.Debug Shared.Build.0 = Debug Shared|Win32
		{102F9EB4-9AD5-4030-929C-CAC762D8D5E7}.Debug Static.ActiveCfg = Debug Static|Win32
		{102F9EB4-9AD5-4030-929C-CAC762D8D5E7}.Debug Static.Build.0 = Debug Static|Win32
		{102F9EB4-9AD5-4030-929C-CAC762D8D5E7}.Release Shared.ActiveCfg = Release Shared|Win32
		{102F9EB4-9AD5-4030-929C-CAC762D8D5E7}.Release Shared.Build.0 = Release Shared|Win32
		{102F9EB4-9AD5-4030-929C-CAC762D8D5E7}.Release Static.ActiveCfg = Release Static|Win32
		{102F9EB4-9AD5-4030-929C-CAC762D8D5E7}.Release Static.Build.0 = Release Static|Win32
		{037B6A8B-07BD-460F-AE3F-4EC19017F874}.Debug Shared.ActiveCfg = Debug Shared|Win32
		{037B6A8B-07BD-460F-AE3F-4EC19017F874}.Debug Shared.Build.0 = Debug Shared|Win32
		{037B6A8B-07BD-460F-AE3F-4EC19017F874}.Debug Static.ActiveCfg = Debug Static|Win32
		{037B6A8B-07BD-460F-AE3F-4EC19017F874}.Debug Static.Build.0 = Debug Static|Win32
		{037B6A8B-07BD-460F-AE3F-4EC19017F874}.Release Shared.ActiveCfg = Release Shared|Win32
		{037B6A8B-07BD-460F-AE3F-4EC19017F874}.Release Shared.Build.0 = Release Shared|Win32
		{037B6A8B-07BD-460F-AE3F-4EC19017F874}.Release Static.ActiveCfg = Release Static|Win32
		{037B6A8B-07BD-460F-AE3F-4EC19017F874}.Release Static.Build.0 = Release Static|Win32
		{D3F569B2-3B21-4F98-8FC9-2F90B446995C}.Debug Shared.ActiveCfg = Debug Shared|Win32
		{D3F569B2-3B21-4F98-8FC9-2F90B446995C}.Debug Shared.Build.0 = Debug Shared|Win32
		{D3F569B2-3B21-4F98-8FC9-2F90B446995C}.Debug Static.ActiveCfg = Debug Static|Win32
		{D3F569B2-3B21-4F98-8FC9-2F90B446995C}.Debug Static.Build.0 = Debug Static|Win32
		{D3F569B2-3B21-4F98-8FC9-2F90B446995C}.Release Shared.ActiveCfg = Release Shared|Win32
		{D3F569B2-3B21-4F98-8FC9-2F90B446995C}.Release Shared.Build.0 = Release Shared|Win32
		{D3F569B2-3B21-4F98-8FC9-2F90B446995C}.Release Static.ActiveCfg = Release Static|Win32
		{D3F569B2-3B21-4F98-8FC9-2F90B446995C}.Release Static.Build.0 = Release Static|Win32
		{C32D7C03-164A-42E5-878A-99D9165DD26D}.Debug Shared.ActiveCfg = Debug Shared|Win32
		{C32D7C03-164A-42E5-878A-99D9165DD26D}.Debug Shared.Build.0 = Debug Shared|Win32
		{C32D7C03-164A-42E5-878A-99D9165DD26D}.Debug Static.ActiveCfg = Debug Static|Win32
		{C32D7C03-164A-42E5-878A-99D9165DD26D}.Debug Static.Build.0 = Debug Static|Win32
		{C32D7C03-164A-42E5-878A-99D9165DD26D}.Release Shared.ActiveCfg = Release Shared|Win32
		{C32D7C03-164A-42E5-878A-99D9165DD26D}.Release Shared.Build.0 = Release Shared|Win32
		{C32D7C03-164A-42E5-878A-99D9165DD26D}.Release Static.ActiveCfg = Release Static|Win32
		{C32D7C03-164A-42E5-878A-99D9165DD26D}.Release Static.Build.0 = Release Static|Win32
		{A460C885-9582-4B95-A340-FF9F2F038DC2}.Debug Shared.ActiveCfg = Debug Shared|Win32
		{A460C885-9582-4B95-A340-FF9F2F038DC2}.Debug Shared.Build.0 = Debug Shared|Win32
		{A460C885-9582-4B95-A340-FF9F2F038DC2}.Debug Static.ActiveCfg = Debug Static|Win32
		{A460C885-9582-4B95-A340-FF9F2F038DC2}.Debug Static.Build.0 = Debug Static|Win32
		{A460C885-9582-4B95-A340-FF9F2F038DC2}.Release Shared.ActiveCfg = Release Shared|Win32
		{A460C885-9582-4B95-A340-FF9F2F038DC2}.Release Shared.Build.0 = Release Shared|Win32
		{A460C885-9582-4B95-A340-FF9F2F038DC2}.Release Static.ActiveCfg = Release Static|Win32
		{A460C885-9582-4B95-A340-FF9F2F038DC2}.Release Static.Build.0 = Release Static|Win32
		{BBA083E3-5F97-4489-89B3-A0572164C4FF}.Debug Shared.ActiveCfg = Debug Shared|Win32
		{BBA083E3-5F97-4489-89B3-A0572164C4FF}.Debug Shared.Build.0 = Debug Shared|Win32
		{BBA083E3-5F97-4489-89B3-A0572164C4FF}.Debug Static.ActiveCfg = Debug Static|Win32
		{BBA083E3-5F97-4489-89B3-A0572164C4FF}.Debug Static.Build.0 = Debug Static|Win32
		{BBA083E3-5F97-4489-89B3-A0572164C4FF}.Release Shared.ActiveCfg = Release Shared|Win32
		{BBA083E3-5F97-4489-89B3-A0572164C4FF}.Release Shared.Build.0 = Release Shared|Win32
		{BBA083E3-5F97-4489-89B3-A0572164C4FF}.Release Static.ActiveCfg = Release Static|Win32
		{BBA083E3-5F97-4489-89B3-A0572164C4FF}.Release Static.Build.0 = Release Static|Win32
		{C6A5006C-F554-4DA4-86DD-15FBA3D6320C}.Debug Shared.ActiveCfg = Debug Shared|Win32
		{C6A5006C-F554-4DA4-86DD-15FBA3D6320C}.Debug Shared.Build.0 = Debug Shared|Win32
		{C6A5006C-F554-4DA4-86DD-15FBA3D6320C}.Debug Static.ActiveCfg = Debug Static|Win32
		{C6A5006C-F554-4DA4-86DD-15FBA3D6320C}.Debug Static.Build.0 = Debug Static|Win32
		{C6A5006C-F554-4DA4-86DD-15FBA3D6320C}.Release Shared.ActiveCfg = Release Shared|Win32
		{C6A5006C-F554-4DA4-86DD-15FBA3D6320C}.Release Shared.Build.0 = Release Shared|Win32
		{C6A5006C-F554-4DA4-86DD-15FBA3D6320C}.Release Static.ActiveCfg = Release Static|Win32
		{C6A5006C-F554-4DA4-86DD-15FBA3D6320C}.Release Static.Build.0 = Release Static|Win32
		{A5D2D045-50C1-4A9A-B2DF-B19ADB6F88A6}.Debug Shared.ActiveCfg = Debug Shared|Win32
		{A5D2D045-50C1-4A9A-B2DF-B19ADB6F88A6}.Debug Shared.Build.0 = Debug Shared|Win32
		{A5D2D045-50C1-4A9A-B2DF-B19ADB6F88A6}.Debug Static.ActiveCfg = Debug Static|Win32
		{A5D2D045-50C1-4A9A-B2DF-B19ADB6F88A6}.Debug Static.Build.0 = Debug Static|Win32
		{A5D2D045-50C1-4A9A-B2DF-B19ADB6F88A6}.Release Shared.ActiveCfg = Release Shared|Win32
		{A5D2D045-50C1-4A9A-B2DF-B19ADB6F88A6}.Release Shared.Build.0 = Release Shared|Win32
		{A5D2D045-50C1-4A9A-B2DF-B19ADB6F88A6}.Release Static.ActiveCfg = Release Static|Win32
		{A5D2D045-50C1-4A9A-B2DF-B19ADB6F88A6}.Release Static.Build.0 = Release Static|Win32
		{4859DA7A-971E-4346-AA06-8C9208E523DC}.Debug Shared.ActiveCfg = Debug Shared|Win32
		{4859DA7A-971E-4346-AA06-8C9208E523DC}.Debug Shared.Build.0 = Debug Shared|Win32
		{4859DA7A-971E-4346-AA06-8C9208E523DC}.Debug Static.ActiveCfg = Debug Static|Win32
		{4859DA7A-971E-4346-AA06-8C9208E523DC}.Debug Static.Build.0 = Debug Static|Win32
		{4859DA7A-971E-4346-AA06-8C9208E523DC}.Release Shared.ActiveCfg = Release Shared|Win32
		{4859DA7A-971E-4346-AA06-8C9208E523DC}.Release Shared.Build.0 = Release Shared|Win32
		{4859DA7A-971E-4346-AA06-8C9208E523DC}.Release Static.ActiveCfg = Release Static|Win32
		{4859DA7A-971E-4346-AA06-8C9208E523DC}.Release Static.Build.0 = Release Static|Win32
		{0B6F1B96-0F42-4A17-BD3C-5641EF2FCA12}.Debug Shared.ActiveCfg = Debug Shared|Win32
		{0B6F1B96-0F42-4A17-BD3C-5641EF2FCA12}.Debug Shared.Build.0 = Debug Shared|Win32
		{0B6F1B96-0F42-4A17-BD3C-5641EF2FCA12}.Debug Static.ActiveCfg = Debug Static|Win32
		{0B6F1B96-0F42-4A17-BD3C-5641EF2FCA12}.Debug Static.Build.0 = Debug Static|Win32
		{0B6F1B96-0F42-4A17-BD3C-5641EF2FCA12}.Release Shared.ActiveCfg = Release Shared|Win32
		{0B6F1B96-0F42-4A17-BD3C-5641EF2FCA12}.Release Shared.Build.0 = Release Shared|Win32
		{0B6F1B96-0F42-4A17-BD3C-5641EF2FCA12}.Release Static.ActiveCfg = Release Static|Win32
		{0B6F1B96-0F42-4A17-BD3C-5641EF2FCA12}.Release Static.Build.0 = Release Static|Win32
		{101DEFBC-F39B-42DA-87AE-F86FCC9BAB4D}.Debug Shared.ActiveCfg = Debug Shared|Win32
		{101DEFBC-F39B-42DA-87AE-F86FCC9BAB4D}.Debug Shared.Build.0 = Debug Shared|Win32
		{101DEFBC-F39B-42DA-87AE-F86FCC9BAB4D}.Debug Static.ActiveCfg = Debug Static|Win32
		{101DEFBC-F39B-42DA-87AE-F86FCC9BAB4D}.Debug Static.Build.0 = Debug Static|Win32
		{101DEFBC-F39B-42DA-87AE-F86FCC9BAB4D}.Release Shared.ActiveCfg = Release Shared|Win32
		{101DEFBC-F39B-42DA-87AE-F86FCC9BAB4D}.Release Shared.Build.0 = Release Shared|Win32
		{101DEFBC-F39B-42DA-87AE-F86FCC9BAB4D}.Release Static.ActiveCfg = Release Static|Win32
		{101DEFBC-F39B-42DA-87AE-F86FCC9BAB4D}.Release Static.Build.0 = Release Static|Win32
		{9CA40F6E-B45A-4DB9-BCD5-F0CB95EE53F3}.Debug Shared.ActiveCfg = Debug Shared|Win32
		{9CA40F6E-B45A-4DB9-BCD5-F0CB95EE53F3}.Debug Shared.Build.0 = Debug Shared|Win32
		{9CA40F6E-B45A-4DB9-BCD5-F0CB95EE53F3}.Debug Static.ActiveCfg = Debug Static|Win32
		{9CA40F6E-B45A-4DB9-BCD5-F0CB95EE53F3}.Debug Static.Build.0 = Debug Static|Win32
		{9CA40F6E-B45A-4DB9-BCD5-F0CB95EE53F3}.Release Shared.ActiveCfg = Release Shared|Win32
		{9CA40F6E-B45A-4DB9-BCD5-F0CB95EE53F3}.Release Shared.Build.0 = Release Shared|Win32
		{9CA40F6E-B45A-4DB9-BCD5-F0CB95EE53F3}.Release Static.ActiveCfg = Release Static|Win32
		{9CA40F6E-B45A-4DB9-BCD5-F0CB95EE53F3}.Release Static.Build.0 = Release Static|Win32
		{CEBB603D-35F4-4A04-8807-5810560B8F91}.Debug Shared.ActiveCfg = Debug Shared|Win32
		{CEBB603D-35F4-4A04-8807-5810560B8F91}.Debug Shared.Build.0 = Debug Shared|Win32
		{CEBB603D-35F4-4A04-8807-5810560B8F91}.Debug Static.ActiveCfg = Debug Static|Win32
		{CEBB603D-35F4-4A04-8807-5810560B8F91}.Debug Static.Build.0 = Debug Static|Win32
		{CEBB603D-35F4-4A04-8807-5810560B8F91}.Release Shared.ActiveCfg = Release Shared|Win32
		{CEBB603D-35F4-4A04-8807-5810560B8F91}.Release Shared.Build.0 = Release Shared|Win32
		{CEBB603D-35F4-4A04-8807-5810560B8F91}.Release Static.ActiveCfg = Release Static|Win32
		{CEBB603D-35F4-4A04-8807-5810560B8F91}.Release Static.Build.0 = Release Static|Win32
		{EFFA5755-65FA-4DD9-B037-4B5E35C2742E}.Debug Shared.ActiveCfg = Debug Shared|Win32
		{EFFA5755-65FA-4DD9-B037-4B5E35C2742E}.Debug Shared.Build.0 = Debug Shared|Win32
		{EFFA5755-65FA-4DD9-B037-4B5E35C2742E}.Debug Static.ActiveCfg = Debug Static|Win32
		{EFFA5755-65FA-4DD9-B037-4B5E35C2742E}.Debug Static.Build.0 = Debug Static|Win32
		{EFFA5755-65FA-4DD9-B037-4B5E35C2742E}.Release Shared.ActiveCfg = Release Shared|Win32
		{EFFA5755-65FA-4DD9-B037-4B5E35C2742E}.Release Shared.Build.0 = Release Shared|Win32
		{EFFA5755-65FA-4DD9-B037-4B5E35C2742E}.Release Static.ActiveCfg = Release Static|Win32
		{EFFA5755-65FA-4DD9-B037-4B5E35C2742E}.Release Static.Build.0 = Release Static|Win32
		{621F4C29-0D46-4F2C-9A16-8E4B24985D27}.Debug Shared.ActiveCfg = Debug Shared|Win32
		{621F4C29-0D46-4F2C-9A16-8E4B24985D27}.Debug Shared.Build.0 = Debug Shared|Win32
		{621F4C29-0D46-4F2C-9A16-8E4B24985D27}.Debug Static.ActiveCfg = Debug Static|Win32
		{621F4C29-0D46-4F2C-9A16-8E4B24985D27}.Debug Static.Build.0 = Debug Static|Win32
		{621F4C29-0D46-4F2C-9A16-8E4B24985D27}.Release Shared.ActiveCfg = Release Shared|Win32
		{621F4C29-0D46-4F2C-9A16-8E4B24985D27}.Release Shared.Build.0 = Release Shared|Win32
		{621F4C29-0D46-4F2C-9A16-8E4B24985D27}.Release Static.ActiveCfg = Release Static|Win32
		{621F4C29-0D46-4F2C-9A16-8E4B24985D27}.Release Static.Build.0 = Release Static|Win32
		{681EB18C-98E0-46B2-A007-C859795353EC}.Debug Shared.ActiveCfg = Debug Shared|Win32
		{681EB18C-98E0-46B2-A007-C859795353EC}.Debug Shared.Build.0 = Debug Shared|Win32
		{681EB18C-98E0-46B2-A007-C859795353EC}.Debug Static.ActiveCfg = Debug Static|Win32
		{681EB18C-98E0-46B2-A007-C859795353EC}.Debug Static.Build.0 = Debug Static|Win32
		{681EB18C-98E0-46B2-A007-C859795353EC}.Release Shared.ActiveCfg = Release Shared|Win32
		{681EB18C-98E0-46B2-A007-C859795353EC}.Release Shared.Build.0 = Release Shared|Win32
		{681EB18C-98E0-46B2-A007-C859795353EC}.Release Static.ActiveCfg = Release Static|Win32
		{681EB18C-98E0-46B2-A007-C859795353EC}.Release Static.Build.0 = Release Static|Win32
		{0A88A4D3-C1C3-425B-A90F-1F3B0442D5C1}.Debug Shared.ActiveCfg = Debug Shared|Win32
		{0A88A4D3-C1C3-425B-A90F-1F3B0442D5C1}.Debug Shared.Build.0 = Debug Shared|Win32
		{0A88A4D3-C1C3-425B-A90F-1F3B0442D5C1}.Debug Static.ActiveCfg = Debug Static|Win32
		{0A88A4D3-C1C3-425B-A90F-1F3B0442D5C1}.Debug Static.Build.0 = Debug Static|Win32
		{0A88A4D3-C1C3-425B-A90F-1F3B0442D5C1}.Release Shared.ActiveCfg = Release Shared|Win32
		{0A88A4D3-C1C3-425B-A90F-1F3B0442D5C1}.Release Shared.Build.0 = Release Shared|Win32
		{0A88A4D3-C1C3-425B-A90F-1F3B0442D5C1}.Release Static.ActiveCfg = Release Static|Win32
		{0A88A4D3-C1C3-425B-A90F-1F3B0442D5C1}.Release Static.Build.0 = Release Static|Win32
		{4D07FF67-A62B-4B9A-A26E-CD033A3120C5}.Debug Shared.ActiveCfg = Debug Shared|Win32
		{4D07FF67-A62B-4B9A-A26E-CD033A3120C5}.Debug Shared.Build.0 = Debug Shared|Win32
		{4D07FF67-A62B-4B9A-A26E-CD033A3120C5}.Debug Static.ActiveCfg = Debug Static|Win32
		{4D07FF67-A62B-4B9A-A26E-CD033A3120C5}.Debug Static.Build.0 = Debug Static|Win32
		{4D07FF67-A62B-4B9A-A26E-CD033A3120C5}.Release Shared.ActiveCfg = Release Shared|Win32
		{4D07FF67-A62B-4B9A-A26E-CD033A3120C5}.Release Shared.Build.0 = Release Shared|Win32
		{4D07FF67-A62B-4B9A-A26E-CD033A3120C5}.Release Static.ActiveCfg = Release Static|Win32
		{4D07FF67-A62B-4B9A-A26E-CD033A3120C5}.Release Static.Build.0 = Release Static|Win32
		{17FCAD1B-8697-43A7-8DA9-3B96AF79EA5A}.Debug Shared.ActiveCfg = Debug Shared|Win32
		{17FCAD1B-8697-43A7-8DA9-3B96AF79EA5A}.Debug Shared.Build.0 = Debug Shared|Win32
		{17FCAD1B-8697-43A7-8DA9-3B96AF79EA5A}.Debug Static.ActiveCfg = Debug Static|Win32
		{17FCAD1B-8697-43A7-8DA9-3B96AF79EA5A}.Debug Static.Build.0 = Debug Static|Win32
		{17FCAD1B-8697-43A7-8DA9-3B96AF79EA5A}.Release Shared.ActiveCfg = Release Shared|Win32
		{17FCAD1B-8697-43A7-8DA9-3B96AF79EA5A}.Release Shared.Build.0 = Release Shared|Win32
		{17FCAD1B-8697-43A7-8DA9-3B96AF79EA5A}.Release Static.ActiveCfg = Release Static|Win32
		{17FCAD1B-8697-43A7-8DA9-3B96AF79EA5A}.Release Static.Build.0 = Release Static|Win32
		{962B1AE6-82BE-4B0E-A5F7-418E9364048C}.Debug Shared.ActiveCfg = Debug Shared|Win32
		{962B1AE6-82BE-4B0E-A5F7-418E9364048C}.Debug Shared.Build.0 = Debug Shared|Win32
		{962B1AE6-82BE-4B0E-A5F7-418E9364048C}.Debug Static.ActiveCfg = Debug Static|Win32
		{962B1AE6-82BE-4B0E-A5F7-418E9364048C}.Debug Static.Build.0 = Debug Static|Win32
		{962B1AE6-82BE-4B0E-A5F7-418E9364048C}.Release Shared.ActiveCfg = Release Shared|Win32
		{962B1AE6-82BE-4B0E-A5F7-418E9364048C}.Release Shared.Build.0 = Release Shared|Win32
		{962B1AE6-82BE-4B0E-A5F7-418E9364048C}.Release Static.ActiveCfg = Release Static|Win32
		{962B1AE6-82BE-4B0E-A5F7-418E9364048C}.Release Static.Build.0 = Release Static|Win32
		{2A974FD3-256C-4B66-8A79-C96E34F2C3C9}.Debug Shared.ActiveCfg = Debug Shared|Win32
		{2A974FD3-256C-4B66-8A79-C96E34F2C3C9}.Debug Shared.Build.0 = Debug Shared|Win32
		{2A974FD3-256C-4B66-8A79-C96E34F2C3C9}.Debug Static.ActiveCfg = Debug Static|Win32
		{2A974FD3-256C-4B66-8A79-C96E34F2C3C9}.Debug Static.Build.0 = Debug Static|Win32
		{2A974FD3-256C-4B66-8A79-C96E34F2C3C9}.Release Shared.ActiveCfg = Release Shared|Win32
		{2A974FD3-256C-4B66-8A79-C96E34F2C3C9}.Release Shared.Build.0 = Release Shared|Win32
		{2A974FD3-256C-4B66-8A79-C96E34F2C3C9}.Release Static.ActiveCfg = Release Static|Win32
		{2A974FD3-256C-4B66-8A79-C96E34F2C3C9}.Release Static.Build.0 = Release Static|Win32
		{FC28465C-1140-4F74-84F5-62D904C688D5}.Debug Shared.ActiveCfg = Debug Shared|Win32
		{FC28465C-1140-4F74-84F5-62D904C688D5}.Debug Shared.Build.0 = Debug Shared|Win32
		{FC28465C-1140-4F74-84F5-62D904C688D5}.Debug Static.ActiveCfg = Debug Static|Win32
		{FC28465C-1140-4F74-84F5-62D904C688D5}.Debug Static.Build.0 = Debug Static|Win32
		{FC28465C-1140-4F74-84F5-62D904C688D5}.Release Shared.ActiveCfg = Release Shared|Win32
		{FC28465C-1140-4F74-84F5-62D904C688D5}.Release Shared.Build.0 = Release Shared|Win32
		{FC28465C-1140-4F74-84F5-62D904C688D5}.Release Static.ActiveCfg = Release Static|Win32
		{FC28465C-1140-4F74-84F5-62D904C688D5}.Release Static.Build.0 = Release Static|Win32
		{18D22A1D-88C2-43F5-BB7F-7B82157C8D4A}.Debug Shared.ActiveCfg = Debug Shared|Win32
		{18D22A1D-88C2-43F5-BB7F-7B82157C8D4A}.Debug Shared.Build.0 = Debug Shared|Win32
		{18D22A1D-88C2-43F5-BB7F-7B82157C8D4A}.Debug Static.ActiveCfg = Debug Static|Win32
		{18D22A1D-88C2-43F5-BB7F-7B82157C8D4A}.Debug Static.Build.0 = Debug Static|Win32
		{18D22A1D-88C2-43F5-BB7F-7B82157C8D4A}.Release Shared.ActiveCfg = Release Shared|Win32
		{18D22A1D-88C2-43F5-BB7F-7B82157C8D4A}.Release Shared.Build.0 = Release Shared|Win32
		{18D22A1D-88C2-43F5-BB7F-7B82157C8D4A}.Release Static.ActiveCfg = Release Static|Win32
		{18D22A1D-88C2-43F5-BB7F-7B82157C8D4A}.Release Static.Build.0 = Release Static|Win32
		{B5F344A9-4176-4CAA-826D-18E8504E8876}.Debug Shared.ActiveCfg = Debug Shared|Win32
		{B5F344A9-4176-4CAA-826D-18E8504E8876}.Debug Shared.Build.0 = Debug Shared|Win32
		{B5F344A9-4176-4CAA-826D-18E8504E8876}.Debug Static.ActiveCfg = Debug Static|Win32
		{B5F344A9-4176-4CAA-826D-18E8504E8876}.Debug Static.Build.0 = Debug Static|Win32
		{B5F344A9-4176-4CAA-826D-18E8504E8876}.Release Shared.ActiveCfg = Release Shared|Win32
		{B5F344A9-4176-4CAA-826D-18E8504E8876}.Release Shared.Build.0 = Release Shared|Win32
		{B5F344A9-4176-4CAA-826D-18E8504E8876}.Release Static.ActiveCfg = Release Static|Win32
		{B5F344A9-4176-4CAA-826D-18E8504E8876}.Release Static.Build.0 = Release Static|Win32
		{7FFA61C3-470F-4A7A-A3D0-6F47ECF6EE81}.Debug Shared.ActiveCfg = Debug Shared|Win32
		{7FFA61C3-470F-4A7A-A3D0-6F47ECF6EE81}.Debug Shared.Build.0 = Debug Shared|Win32
		{7FFA61C3-470F-4A7A-A3D0-6F47ECF6EE81}.Debug Static.ActiveCfg = Debug Static|Win32
		{7FFA61C3-470F-4A7A-A3D0-6F47ECF6EE81}.Debug Static.Build.0 = Debug Static|Win32
		{7FFA61C3-470F-4A7A-A3D0-6F47ECF6EE81}.Release Shared.ActiveCfg = Release Shared|Win32
		{7FFA61C3-470F-4A7A-A3D0-6F47ECF6EE81}.Release Shared.Build.0 = Release Shared|Win32
		{7FFA61C3-470F-4A7A-A3D0-6F47ECF6EE81}.Release Static.ActiveCfg = Release Static|Win32
		{7FFA61C3-470F-4A7A-A3D0-6F47ECF6EE81}.Release Static.Build.0 = Release Static|Win32
		{B912F26B-9B0D-484D-BA3E-AB02B854ECF9}.Debug Shared.ActiveCfg = Debug Shared|Win32
		{B912F26B-9B0D-484D-BA3E-AB02B854ECF9}.Debug Shared.Build.0 = Debug Shared|Win32
		{B912F26B-9B0D-484D-BA3E-AB02B854ECF9}.Debug Static.ActiveCfg = Debug Static|Win32
		{B912F26B-9B0D-484D-BA3E-AB02B854ECF9}.Debug Static.Build.0 = Debug Static|Win32
		{B912F26B-9B0D-484D-BA3E-AB02B854ECF9}.Release Shared.ActiveCfg = Release Shared|Win32
		{B912F26B-9B0D-484D-BA3E-AB02B854ECF9}.Release Shared.Build.0 = Release Shared|Win32
		{B912F26B-9B0D-484D-BA3E-AB02B854ECF9}.Release Static.ActiveCfg = Release Static|Win32
		{B912F26B-9B0D-484D-BA3E-AB02B854ECF9}.Release Static.Build.0 = Release Static|Win32
		{214B6A40-0203-4DA7-B06A-A25CBE8F100A}.Debug Shared.ActiveCfg = Debug Shared|Win32
		{214B6A40-0203-4DA7-B06A-A25CBE8F100A}.Debug Shared.Build.0 = Debug Shared|Win32
		{214B6A40-0203-4DA7-B06A-A25CBE8F100A}.Debug Static.ActiveCfg = Debug Static|Win32
		{214B6A40-0203-4DA7-B06A-A25CBE8F100A}.Debug Static.Build.0 = Debug Static|Win32
		{214B6A40-0203-4DA7-B06A-A25CBE8F100A}.Release Shared.ActiveCfg = Release Shared|Win32
		{214B6A40-0203-4DA7-B06A-A25CBE8F100A}.Release Shared.Build.0 = Release Shared|Win32
		{214B6A40-0203-4DA7-B06A-A25CBE8F100A}.Release Static.ActiveCfg = Release Static|Win32
		{214B6A40-0203-4DA7-B06A-A25CBE8F100A}.Release Static.Build.0 = Release Static|Win32
		{8D727CA7-3DF0-410A-82B4-F5703EF0EB7E}.Debug Shared.ActiveCfg = Debug Shared|Win32
		{8D727CA7-3DF0-410A-82B4-F5703EF0EB7E}.Debug Shared.Build.0 = Debug Shared|Win32
		{8D727CA7-3DF0-410A-82B4-F5703EF0EB7E}.Debug Static.ActiveCfg = Debug Static|Win32
		{8D727CA7-3DF0-410A-82B4-F5703EF0EB7E}.Debug Static.Build.0 = Debug Static|Win32
		{8D727CA7-3DF0-410A-82B4-F5703EF0EB7E}.Release Shared.ActiveCfg = Release Shared|Win32
		{8D727CA7-3DF0-410A-82B4-F5703EF0EB7E}.Release Shared.Build.0 = Release Shared|Win32
		{8D727CA7-3DF0-410A-82B4-F5703EF0EB7E}.Release Static.ActiveCfg = Release Static|Win32
		{8D727CA7-3DF0-410A-82B4-F5703EF0EB7E}.Release Static.Build.0 = Release Static|Win32
	EndGlobalSection
	GlobalSection(ExtensibilityGlobals) = postSolution
	EndGlobalSection
	GlobalSection(ExtensibilityAddIns) = postSolution
	EndGlobalSection
EndGlobal

