Microsoft Visual Studio Solution File, Format Version 8.00
Project("{8BC9CEB8-8B4A-11D0-8D11-00A0C91BC942}") = "Vaca", "Vaca.vcproj", "{4AC7E84C-F9DD-4EF1-B9BF-CB237E24026C}"
	ProjectSection(ProjectDependencies) = postProject
	EndProjectSection
EndProject
Project("{8BC9CEB8-8B4A-11D0-8D11-00A0C91BC942}") = "AnchorLayouts", "AnchorLayouts.vcproj", "{70F7AD6B-F5F6-4FEF-846D-2077842EB823}"
	ProjectSection(ProjectDependencies) = postProject
		{4AC7E84C-F9DD-4EF1-B9BF-CB237E24026C} = {4AC7E84C-F9DD-4EF1-B9BF-CB237E24026C}
	EndProjectSection
EndProject
Project("{8BC9CEB8-8B4A-11D0-8D11-00A0C91BC942}") = "AutoCompletion", "AutoCompletion.vcproj", "{81F41125-E296-46E5-9C6F-ADE0AE83871E}"
	ProjectSection(ProjectDependencies) = postProject
		{4AC7E84C-F9DD-4EF1-B9BF-CB237E24026C} = {4AC7E84C-F9DD-4EF1-B9BF-CB237E24026C}
	EndProjectSection
EndProject
Project("{8BC9CEB8-8B4A-11D0-8D11-00A0C91BC942}") = "Bixes", "Bixes.vcproj", "{6EA68D2A-D1A0-4FF3-89F2-F0451E7D2257}"
	ProjectSection(ProjectDependencies) = postProject
		{4AC7E84C-F9DD-4EF1-B9BF-CB237E24026C} = {4AC7E84C-F9DD-4EF1-B9BF-CB237E24026C}
	EndProjectSection
EndProject
Project("{8BC9CEB8-8B4A-11D0-8D11-00A0C91BC942}") = "BouncingBalls", "BouncingBalls.vcproj", "{D7BDA13C-01C0-45DA-B7E4-E46C7416F39C}"
	ProjectSection(ProjectDependencies) = postProject
		{4AC7E84C-F9DD-4EF1-B9BF-CB237E24026C} = {4AC7E84C-F9DD-4EF1-B9BF-CB237E24026C}
	EndProjectSection
EndProject
Project("{8BC9CEB8-8B4A-11D0-8D11-00A0C91BC942}") = "BoxLayouts", "BoxLayouts.vcproj", "{DE8BA142-3AAE-411A-8EFF-CF29906B8ABF}"
	ProjectSection(ProjectDependencies) = postProject
		{4AC7E84C-F9DD-4EF1-B9BF-CB237E24026C} = {4AC7E84C-F9DD-4EF1-B9BF-CB237E24026C}
	EndProjectSection
EndProject
Project("{8BC9CEB8-8B4A-11D0-8D11-00A0C91BC942}") = "Buttons", "Buttons.vcproj", "{FA52B4EC-49A1-4CBB-A418-CB878912AA5F}"
	ProjectSection(ProjectDependencies) = postProject
		{4AC7E84C-F9DD-4EF1-B9BF-CB237E24026C} = {4AC7E84C-F9DD-4EF1-B9BF-CB237E24026C}
	EndProjectSection
EndProject
Project("{8BC9CEB8-8B4A-11D0-8D11-00A0C91BC942}") = "ColoredButton", "ColoredButton.vcproj", "{B08F5509-552B-47AD-8AD9-8566657D6602}"
	ProjectSection(ProjectDependencies) = postProject
		{4AC7E84C-F9DD-4EF1-B9BF-CB237E24026C} = {4AC7E84C-F9DD-4EF1-B9BF-CB237E24026C}
	EndProjectSection
EndProject
Project("{8BC9CEB8-8B4A-11D0-8D11-00A0C91BC942}") = "ComboBoxes", "ComboBoxes.vcproj", "{610F17DE-9306-460A-95BF-8A282451B12B}"
	ProjectSection(ProjectDependencies) = postProject
		{4AC7E84C-F9DD-4EF1-B9BF-CB237E24026C} = {4AC7E84C-F9DD-4EF1-B9BF-CB237E24026C}
	EndProjectSection
EndProject
Project("{8BC9CEB8-8B4A-11D0-8D11-00A0C91BC942}") = "CommandsAlt", "CommandsAlt.vcproj", "{3931DB47-FB14-4E94-AE35-B1E10262A22A}"
	ProjectSection(ProjectDependencies) = postProject
		{4AC7E84C-F9DD-4EF1-B9BF-CB237E24026C} = {4AC7E84C-F9DD-4EF1-B9BF-CB237E24026C}
	EndProjectSection
EndProject
Project("{8BC9CEB8-8B4A-11D0-8D11-00A0C91BC942}") = "DataGrids", "DataGrids.vcproj", "{39A8CEDA-FDF6-4F85-8943-327DF1E4F575}"
	ProjectSection(ProjectDependencies) = postProject
		{4AC7E84C-F9DD-4EF1-B9BF-CB237E24026C} = {4AC7E84C-F9DD-4EF1-B9BF-CB237E24026C}
	EndProjectSection
EndProject
Project("{8BC9CEB8-8B4A-11D0-8D11-00A0C91BC942}") = "EditableListBox", "EditableListBox.vcproj", "{B36A80A1-82C3-4DA6-95E3-172A00DB6CDF}"
	ProjectSection(ProjectDependencies) = postProject
		{4AC7E84C-F9DD-4EF1-B9BF-CB237E24026C} = {4AC7E84C-F9DD-4EF1-B9BF-CB237E24026C}
	EndProjectSection
EndProject
Project("{8BC9CEB8-8B4A-11D0-8D11-00A0C91BC942}") = "Edits", "Edits.vcproj", "{1F449622-D3F5-4FEF-A3FB-A6053ADDDFDF}"
	ProjectSection(ProjectDependencies) = postProject
		{4AC7E84C-F9DD-4EF1-B9BF-CB237E24026C} = {4AC7E84C-F9DD-4EF1-B9BF-CB237E24026C}
	EndProjectSection
EndProject
Project("{8BC9CEB8-8B4A-11D0-8D11-00A0C91BC942}") = "EyeDropper", "EyeDropper.vcproj", "{57550084-C7BA-44BC-84F3-94D78046CC3C}"
	ProjectSection(ProjectDependencies) = postProject
		{4AC7E84C-F9DD-4EF1-B9BF-CB237E24026C} = {4AC7E84C-F9DD-4EF1-B9BF-CB237E24026C}
	EndProjectSection
EndProject
Project("{8BC9CEB8-8B4A-11D0-8D11-00A0C91BC942}") = "FontMetrics", "FontMetrics.vcproj", "{BCAA468F-F0AF-4111-9D8F-16A87A3C0365}"
	ProjectSection(ProjectDependencies) = postProject
		{4AC7E84C-F9DD-4EF1-B9BF-CB237E24026C} = {4AC7E84C-F9DD-4EF1-B9BF-CB237E24026C}
	EndProjectSection
EndProject
Project("{8BC9CEB8-8B4A-11D0-8D11-00A0C91BC942}") = "FreeOfLayout", "FreeOfLayout.vcproj", "{D3A478AB-0844-4258-8DD6-8BFA003BF664}"
	ProjectSection(ProjectDependencies) = postProject
		{4AC7E84C-F9DD-4EF1-B9BF-CB237E24026C} = {4AC7E84C-F9DD-4EF1-B9BF-CB237E24026C}
	EndProjectSection
EndProject
Project("{8BC9CEB8-8B4A-11D0-8D11-00A0C91BC942}") = "Hashing", "Hashing.vcproj", "{01A7EBE1-7BB9-480C-8E84-FB8D9016D061}"
	ProjectSection(ProjectDependencies) = postProject
		{4AC7E84C-F9DD-4EF1-B9BF-CB237E24026C} = {4AC7E84C-F9DD-4EF1-B9BF-CB237E24026C}
	EndProjectSection
EndProject
Project("{8BC9CEB8-8B4A-11D0-8D11-00A0C91BC942}") = "HelloWorld", "HelloWorld.vcproj", "{6FB4910C-2664-404F-86B0-1314032E7160}"
	ProjectSection(ProjectDependencies) = postProject
		{4AC7E84C-F9DD-4EF1-B9BF-CB237E24026C} = {4AC7E84C-F9DD-4EF1-B9BF-CB237E24026C}
	EndProjectSection
EndProject
Project("{8BC9CEB8-8B4A-11D0-8D11-00A0C91BC942}") = "Images", "Images.vcproj", "{FC6CDB27-8A5C-4279-A5F3-E54E9D092EAF}"
	ProjectSection(ProjectDependencies) = postProject
		{4AC7E84C-F9DD-4EF1-B9BF-CB237E24026C} = {4AC7E84C-F9DD-4EF1-B9BF-CB237E24026C}
	EndProjectSection
EndProject
Project("{8BC9CEB8-8B4A-11D0-8D11-00A0C91BC942}") = "Labels", "Labels.vcproj", "{5E2EBFBE-4D81-4001-B808-DE9896DAACFF}"
	ProjectSection(ProjectDependencies) = postProject
		{4AC7E84C-F9DD-4EF1-B9BF-CB237E24026C} = {4AC7E84C-F9DD-4EF1-B9BF-CB237E24026C}
	EndProjectSection
EndProject
Project("{8BC9CEB8-8B4A-11D0-8D11-00A0C91BC942}") = "Maths", "Maths.vcproj", "{B2F8D569-0566-4F5D-821D-312AF3BA5CB6}"
	ProjectSection(ProjectDependencies) = postProject
		{4AC7E84C-F9DD-4EF1-B9BF-CB237E24026C} = {4AC7E84C-F9DD-4EF1-B9BF-CB237E24026C}
	EndProjectSection
EndProject
Project("{8BC9CEB8-8B4A-11D0-8D11-00A0C91BC942}") = "MenuResource", "MenuResource.vcproj", "{CA0F7710-4AEE-4097-A617-9474B80E147C}"
	ProjectSection(ProjectDependencies) = postProject
		{4AC7E84C-F9DD-4EF1-B9BF-CB237E24026C} = {4AC7E84C-F9DD-4EF1-B9BF-CB237E24026C}
	EndProjectSection
EndProject
Project("{8BC9CEB8-8B4A-11D0-8D11-00A0C91BC942}") = "MiniExplorer", "MiniExplorer.vcproj", "{7610381C-C598-4FB8-9D19-EF60987DCDED}"
	ProjectSection(ProjectDependencies) = postProject
		{4AC7E84C-F9DD-4EF1-B9BF-CB237E24026C} = {4AC7E84C-F9DD-4EF1-B9BF-CB237E24026C}
	EndProjectSection
EndProject
Project("{8BC9CEB8-8B4A-11D0-8D11-00A0C91BC942}") = "PensBrushes", "PensBrushes.vcproj", "{C8EEAF7B-2E48-4960-BD40-FAE813A82392}"
	ProjectSection(ProjectDependencies) = postProject
		{4AC7E84C-F9DD-4EF1-B9BF-CB237E24026C} = {4AC7E84C-F9DD-4EF1-B9BF-CB237E24026C}
	EndProjectSection
EndProject
Project("{8BC9CEB8-8B4A-11D0-8D11-00A0C91BC942}") = "Primitives", "Primitives.vcproj", "{5EAD0866-E730-4271-A906-552CFFF2333A}"
	ProjectSection(ProjectDependencies) = postProject
		{4AC7E84C-F9DD-4EF1-B9BF-CB237E24026C} = {4AC7E84C-F9DD-4EF1-B9BF-CB237E24026C}
	EndProjectSection
EndProject
Project("{8BC9CEB8-8B4A-11D0-8D11-00A0C91BC942}") = "ProgressBars", "ProgressBars.vcproj", "{6A9AB552-3275-4012-A677-748B3610FACF}"
	ProjectSection(ProjectDependencies) = postProject
		{4AC7E84C-F9DD-4EF1-B9BF-CB237E24026C} = {4AC7E84C-F9DD-4EF1-B9BF-CB237E24026C}
	EndProjectSection
EndProject
Project("{8BC9CEB8-8B4A-11D0-8D11-00A0C91BC942}") = "Regions", "Regions.vcproj", "{733D500C-ADD6-4FC6-8404-1E3419C6A191}"
	ProjectSection(ProjectDependencies) = postProject
		{4AC7E84C-F9DD-4EF1-B9BF-CB237E24026C} = {4AC7E84C-F9DD-4EF1-B9BF-CB237E24026C}
	EndProjectSection
EndProject
Project("{8BC9CEB8-8B4A-11D0-8D11-00A0C91BC942}") = "Scribble", "Scribble.vcproj", "{1F1FE183-0B38-48C3-9EFC-FE0FCF777171}"
	ProjectSection(ProjectDependencies) = postProject
		{4AC7E84C-F9DD-4EF1-B9BF-CB237E24026C} = {4AC7E84C-F9DD-4EF1-B9BF-CB237E24026C}
	EndProjectSection
EndProject
Project("{8BC9CEB8-8B4A-11D0-8D11-00A0C91BC942}") = "Sliders", "Sliders.vcproj", "{0FAF67A7-0723-4F2A-939A-E219903371E5}"
	ProjectSection(ProjectDependencies) = postProject
		{4AC7E84C-F9DD-4EF1-B9BF-CB237E24026C} = {4AC7E84C-F9DD-4EF1-B9BF-CB237E24026C}
	EndProjectSection
EndProject
Project("{8BC9CEB8-8B4A-11D0-8D11-00A0C91BC942}") = "Spinners", "Spinners.vcproj", "{D2619A09-D965-4E14-99E2-E8B255F59340}"
	ProjectSection(ProjectDependencies) = postProject
		{4AC7E84C-F9DD-4EF1-B9BF-CB237E24026C} = {4AC7E84C-F9DD-4EF1-B9BF-CB237E24026C}
	EndProjectSection
EndProject
Project("{8BC9CEB8-8B4A-11D0-8D11-00A0C91BC942}") = "StdCommands", "StdCommands.vcproj", "{2C362AA1-9BE1-4C04-A967-C96BB01EB68C}"
	ProjectSection(ProjectDependencies) = postProject
		{4AC7E84C-F9DD-4EF1-B9BF-CB237E24026C} = {4AC7E84C-F9DD-4EF1-B9BF-CB237E24026C}
	EndProjectSection
EndProject
Project("{8BC9CEB8-8B4A-11D0-8D11-00A0C91BC942}") = "Sudoku", "Sudoku.vcproj", "{4999E96D-1940-4CD5-8244-E5885B8A48FD}"
	ProjectSection(ProjectDependencies) = postProject
		{4AC7E84C-F9DD-4EF1-B9BF-CB237E24026C} = {4AC7E84C-F9DD-4EF1-B9BF-CB237E24026C}
	EndProjectSection
EndProject
Project("{8BC9CEB8-8B4A-11D0-8D11-00A0C91BC942}") = "SystemImageList", "SystemImageList.vcproj", "{B49D4412-3A8A-4958-BED2-539E8C874F76}"
	ProjectSection(ProjectDependencies) = postProject
		{4AC7E84C-F9DD-4EF1-B9BF-CB237E24026C} = {4AC7E84C-F9DD-4EF1-B9BF-CB237E24026C}
	EndProjectSection
EndProject
Project("{8BC9CEB8-8B4A-11D0-8D11-00A0C91BC942}") = "Tabs", "Tabs.vcproj", "{9880267E-08D5-45F9-9FBF-2AF3E3FB0DD1}"
	ProjectSection(ProjectDependencies) = postProject
		{4AC7E84C-F9DD-4EF1-B9BF-CB237E24026C} = {4AC7E84C-F9DD-4EF1-B9BF-CB237E24026C}
	EndProjectSection
EndProject
Project("{8BC9CEB8-8B4A-11D0-8D11-00A0C91BC942}") = "TextEditor", "TextEditor.vcproj", "{D43BB11A-7B8F-4F73-804A-CA906D8CF65F}"
	ProjectSection(ProjectDependencies) = postProject
		{4AC7E84C-F9DD-4EF1-B9BF-CB237E24026C} = {4AC7E84C-F9DD-4EF1-B9BF-CB237E24026C}
	EndProjectSection
EndProject
Project("{8BC9CEB8-8B4A-11D0-8D11-00A0C91BC942}") = "ThreadKiller", "ThreadKiller.vcproj", "{FEC307FD-1372-4730-874C-A1E6152F2EF4}"
	ProjectSection(ProjectDependencies) = postProject
		{4AC7E84C-F9DD-4EF1-B9BF-CB237E24026C} = {4AC7E84C-F9DD-4EF1-B9BF-CB237E24026C}
	EndProjectSection
EndProject
Project("{8BC9CEB8-8B4A-11D0-8D11-00A0C91BC942}") = "Threads", "Threads.vcproj", "{3C6EE12F-F708-4568-97A4-8E3627AB3230}"
	ProjectSection(ProjectDependencies) = postProject
		{4AC7E84C-F9DD-4EF1-B9BF-CB237E24026C} = {4AC7E84C-F9DD-4EF1-B9BF-CB237E24026C}
	EndProjectSection
EndProject
Project("{8BC9CEB8-8B4A-11D0-8D11-00A0C91BC942}") = "ToolBars", "ToolBars.vcproj", "{DC307A5F-E874-403E-847D-1A24A0A42650}"
	ProjectSection(ProjectDependencies) = postProject
		{4AC7E84C-F9DD-4EF1-B9BF-CB237E24026C} = {4AC7E84C-F9DD-4EF1-B9BF-CB237E24026C}
	EndProjectSection
EndProject
Project("{8BC9CEB8-8B4A-11D0-8D11-00A0C91BC942}") = "Trees", "Trees.vcproj", "{3CF9A4C3-6FE2-4D8C-8468-9F2BAE0EDCF1}"
	ProjectSection(ProjectDependencies) = postProject
		{4AC7E84C-F9DD-4EF1-B9BF-CB237E24026C} = {4AC7E84C-F9DD-4EF1-B9BF-CB237E24026C}
	EndProjectSection
EndProject
Project("{8BC9CEB8-8B4A-11D0-8D11-00A0C91BC942}") = "AddressBook", "AddressBook.vcproj", "{68DB59F4-E57F-432A-B7BA-F216731184CF}"
	ProjectSection(ProjectDependencies) = postProject
		{4AC7E84C-F9DD-4EF1-B9BF-CB237E24026C} = {4AC7E84C-F9DD-4EF1-B9BF-CB237E24026C}
	EndProjectSection
EndProject
Project("{8BC9CEB8-8B4A-11D0-8D11-00A0C91BC942}") = "sizeof", "sizeof.vcproj", "{829BD66C-0BFB-4546-9DB4-B295F606FD89}"
	ProjectSection(ProjectDependencies) = postProject
		{4AC7E84C-F9DD-4EF1-B9BF-CB237E24026C} = {4AC7E84C-F9DD-4EF1-B9BF-CB237E24026C}
	EndProjectSection
EndProject
Project("{8BC9CEB8-8B4A-11D0-8D11-00A0C91BC942}") = "Toro", "Toro.vcproj", "{ED0518EF-7649-485D-90EA-330BA7A36F73}"
	ProjectSection(ProjectDependencies) = postProject
		{4AC7E84C-F9DD-4EF1-B9BF-CB237E24026C} = {4AC7E84C-F9DD-4EF1-B9BF-CB237E24026C}
	EndProjectSection
EndProject
Project("{8BC9CEB8-8B4A-11D0-8D11-00A0C91BC942}") = "VacaDoc", "VacaDoc.vcproj", "{76904100-F2C8-461F-B5D9-05528817B068}"
	ProjectSection(ProjectDependencies) = postProject
		{4AC7E84C-F9DD-4EF1-B9BF-CB237E24026C} = {4AC7E84C-F9DD-4EF1-B9BF-CB237E24026C}
	EndProjectSection
EndProject
Global
	GlobalSection(SolutionConfiguration) = preSolution
		Debug Shared = Debug Shared
		Debug Static = Debug Static
		Release Shared = Release Shared
		Release Static = Release Static
	EndGlobalSection
	GlobalSection(ProjectConfiguration) = postSolution
		{70F7AD6B-F5F6-4FEF-846D-2077842EB823}.Debug Shared.ActiveCfg = Debug Shared|Win32
		{70F7AD6B-F5F6-4FEF-846D-2077842EB823}.Debug Shared.Build.0 = Debug Shared|Win32
		{70F7AD6B-F5F6-4FEF-846D-2077842EB823}.Debug Static.ActiveCfg = Debug Static|Win32
		{70F7AD6B-F5F6-4FEF-846D-2077842EB823}.Debug Static.Build.0 = Debug Static|Win32
		{70F7AD6B-F5F6-4FEF-846D-2077842EB823}.Release Shared.ActiveCfg = Release Shared|Win32
		{70F7AD6B-F5F6-4FEF-846D-2077842EB823}.Release Shared.Build.0 = Release Shared|Win32
		{70F7AD6B-F5F6-4FEF-846D-2077842EB823}.Release Static.ActiveCfg = Release Static|Win32
		{70F7AD6B-F5F6-4FEF-846D-2077842EB823}.Release Static.Build.0 = Release Static|Win32
		{81F41125-E296-46E5-9C6F-ADE0AE83871E}.Debug Shared.ActiveCfg = Debug Shared|Win32
		{81F41125-E296-46E5-9C6F-ADE0AE83871E}.Debug Shared.Build.0 = Debug Shared|Win32
		{81F41125-E296-46E5-9C6F-ADE0AE83871E}.Debug Static.ActiveCfg = Debug Static|Win32
		{81F41125-E296-46E5-9C6F-ADE0AE83871E}.Debug Static.Build.0 = Debug Static|Win32
		{81F41125-E296-46E5-9C6F-ADE0AE83871E}.Release Shared.ActiveCfg = Release Shared|Win32
		{81F41125-E296-46E5-9C6F-ADE0AE83871E}.Release Shared.Build.0 = Release Shared|Win32
		{81F41125-E296-46E5-9C6F-ADE0AE83871E}.Release Static.ActiveCfg = Release Static|Win32
		{81F41125-E296-46E5-9C6F-ADE0AE83871E}.Release Static.Build.0 = Release Static|Win32
		{6EA68D2A-D1A0-4FF3-89F2-F0451E7D2257}.Debug Shared.ActiveCfg = Debug Shared|Win32
		{6EA68D2A-D1A0-4FF3-89F2-F0451E7D2257}.Debug Shared.Build.0 = Debug Shared|Win32
		{6EA68D2A-D1A0-4FF3-89F2-F0451E7D2257}.Debug Static.ActiveCfg = Debug Static|Win32
		{6EA68D2A-D1A0-4FF3-89F2-F0451E7D2257}.Debug Static.Build.0 = Debug Static|Win32
		{6EA68D2A-D1A0-4FF3-89F2-F0451E7D2257}.Release Shared.ActiveCfg = Release Shared|Win32
		{6EA68D2A-D1A0-4FF3-89F2-F0451E7D2257}.Release Shared.Build.0 = Release Shared|Win32
		{6EA68D2A-D1A0-4FF3-89F2-F0451E7D2257}.Release Static.ActiveCfg = Release Static|Win32
		{6EA68D2A-D1A0-4FF3-89F2-F0451E7D2257}.Release Static.Build.0 = Release Static|Win32
		{D7BDA13C-01C0-45DA-B7E4-E46C7416F39C}.Debug Shared.ActiveCfg = Debug Shared|Win32
		{D7BDA13C-01C0-45DA-B7E4-E46C7416F39C}.Debug Shared.Build.0 = Debug Shared|Win32
		{D7BDA13C-01C0-45DA-B7E4-E46C7416F39C}.Debug Static.ActiveCfg = Debug Static|Win32
		{D7BDA13C-01C0-45DA-B7E4-E46C7416F39C}.Debug Static.Build.0 = Debug Static|Win32
		{D7BDA13C-01C0-45DA-B7E4-E46C7416F39C}.Release Shared.ActiveCfg = Release Shared|Win32
		{D7BDA13C-01C0-45DA-B7E4-E46C7416F39C}.Release Shared.Build.0 = Release Shared|Win32
		{D7BDA13C-01C0-45DA-B7E4-E46C7416F39C}.Release Static.ActiveCfg = Release Static|Win32
		{D7BDA13C-01C0-45DA-B7E4-E46C7416F39C}.Release Static.Build.0 = Release Static|Win32
		{DE8BA142-3AAE-411A-8EFF-CF29906B8ABF}.Debug Shared.ActiveCfg = Debug Shared|Win32
		{DE8BA142-3AAE-411A-8EFF-CF29906B8ABF}.Debug Shared.Build.0 = Debug Shared|Win32
		{DE8BA142-3AAE-411A-8EFF-CF29906B8ABF}.Debug Static.ActiveCfg = Debug Static|Win32
		{DE8BA142-3AAE-411A-8EFF-CF29906B8ABF}.Debug Static.Build.0 = Debug Static|Win32
		{DE8BA142-3AAE-411A-8EFF-CF29906B8ABF}.Release Shared.ActiveCfg = Release Shared|Win32
		{DE8BA142-3AAE-411A-8EFF-CF29906B8ABF}.Release Shared.Build.0 = Release Shared|Win32
		{DE8BA142-3AAE-411A-8EFF-CF29906B8ABF}.Release Static.ActiveCfg = Release Static|Win32
		{DE8BA142-3AAE-411A-8EFF-CF29906B8ABF}.Release Static.Build.0 = Release Static|Win32
		{FA52B4EC-49A1-4CBB-A418-CB878912AA5F}.Debug Shared.ActiveCfg = Debug Shared|Win32
		{FA52B4EC-49A1-4CBB-A418-CB878912AA5F}.Debug Shared.Build.0 = Debug Shared|Win32
		{FA52B4EC-49A1-4CBB-A418-CB878912AA5F}.Debug Static.ActiveCfg = Debug Static|Win32
		{FA52B4EC-49A1-4CBB-A418-CB878912AA5F}.Debug Static.Build.0 = Debug Static|Win32
		{FA52B4EC-49A1-4CBB-A418-CB878912AA5F}.Release Shared.ActiveCfg = Release Shared|Win32
		{FA52B4EC-49A1-4CBB-A418-CB878912AA5F}.Release Shared.Build.0 = Release Shared|Win32
		{FA52B4EC-49A1-4CBB-A418-CB878912AA5F}.Release Static.ActiveCfg = Release Static|Win32
		{FA52B4EC-49A1-4CBB-A418-CB878912AA5F}.Release Static.Build.0 = Release Static|Win32
		{B08F5509-552B-47AD-8AD9-8566657D6602}.Debug Shared.ActiveCfg = Debug Shared|Win32
		{B08F5509-552B-47AD-8AD9-8566657D6602}.Debug Shared.Build.0 = Debug Shared|Win32
		{B08F5509-552B-47AD-8AD9-8566657D6602}.Debug Static.ActiveCfg = Debug Static|Win32
		{B08F5509-552B-47AD-8AD9-8566657D6602}.Debug Static.Build.0 = Debug Static|Win32
		{B08F5509-552B-47AD-8AD9-8566657D6602}.Release Shared.ActiveCfg = Release Shared|Win32
		{B08F5509-552B-47AD-8AD9-8566657D6602}.Release Shared.Build.0 = Release Shared|Win32
		{B08F5509-552B-47AD-8AD9-8566657D6602}.Release Static.ActiveCfg = Release Static|Win32
		{B08F5509-552B-47AD-8AD9-8566657D6602}.Release Static.Build.0 = Release Static|Win32
		{610F17DE-9306-460A-95BF-8A282451B12B}.Debug Shared.ActiveCfg = Debug Shared|Win32
		{610F17DE-9306-460A-95BF-8A282451B12B}.Debug Shared.Build.0 = Debug Shared|Win32
		{610F17DE-9306-460A-95BF-8A282451B12B}.Debug Static.ActiveCfg = Debug Static|Win32
		{610F17DE-9306-460A-95BF-8A282451B12B}.Debug Static.Build.0 = Debug Static|Win32
		{610F17DE-9306-460A-95BF-8A282451B12B}.Release Shared.ActiveCfg = Release Shared|Win32
		{610F17DE-9306-460A-95BF-8A282451B12B}.Release Shared.Build.0 = Release Shared|Win32
		{610F17DE-9306-460A-95BF-8A282451B12B}.Release Static.ActiveCfg = Release Static|Win32
		{610F17DE-9306-460A-95BF-8A282451B12B}.Release Static.Build.0 = Release Static|Win32
		{3931DB47-FB14-4E94-AE35-B1E10262A22A}.Debug Shared.ActiveCfg = Debug Shared|Win32
		{3931DB47-FB14-4E94-AE35-B1E10262A22A}.Debug Shared.Build.0 = Debug Shared|Win32
		{3931DB47-FB14-4E94-AE35-B1E10262A22A}.Debug Static.ActiveCfg = Debug Static|Win32
		{3931DB47-FB14-4E94-AE35-B1E10262A22A}.Debug Static.Build.0 = Debug Static|Win32
		{3931DB47-FB14-4E94-AE35-B1E10262A22A}.Release Shared.ActiveCfg = Release Shared|Win32
		{3931DB47-FB14-4E94-AE35-B1E10262A22A}.Release Shared.Build.0 = Release Shared|Win32
		{3931DB47-FB14-4E94-AE35-B1E10262A22A}.Release Static.ActiveCfg = Release Static|Win32
		{3931DB47-FB14-4E94-AE35-B1E10262A22A}.Release Static.Build.0 = Release Static|Win32
		{39A8CEDA-FDF6-4F85-8943-327DF1E4F575}.Debug Shared.ActiveCfg = Debug Shared|Win32
		{39A8CEDA-FDF6-4F85-8943-327DF1E4F575}.Debug Shared.Build.0 = Debug Shared|Win32
		{39A8CEDA-FDF6-4F85-8943-327DF1E4F575}.Debug Static.ActiveCfg = Debug Static|Win32
		{39A8CEDA-FDF6-4F85-8943-327DF1E4F575}.Debug Static.Build.0 = Debug Static|Win32
		{39A8CEDA-FDF6-4F85-8943-327DF1E4F575}.Release Shared.ActiveCfg = Release Shared|Win32
		{39A8CEDA-FDF6-4F85-8943-327DF1E4F575}.Release Shared.Build.0 = Release Shared|Win32
		{39A8CEDA-FDF6-4F85-8943-327DF1E4F575}.Release Static.ActiveCfg = Release Static|Win32
		{39A8CEDA-FDF6-4F85-8943-327DF1E4F575}.Release Static.Build.0 = Release Static|Win32
		{B36A80A1-82C3-4DA6-95E3-172A00DB6CDF}.Debug Shared.ActiveCfg = Debug Shared|Win32
		{B36A80A1-82C3-4DA6-95E3-172A00DB6CDF}.Debug Shared.Build.0 = Debug Shared|Win32
		{B36A80A1-82C3-4DA6-95E3-172A00DB6CDF}.Debug Static.ActiveCfg = Debug Static|Win32
		{B36A80A1-82C3-4DA6-95E3-172A00DB6CDF}.Debug Static.Build.0 = Debug Static|Win32
		{B36A80A1-82C3-4DA6-95E3-172A00DB6CDF}.Release Shared.ActiveCfg = Release Shared|Win32
		{B36A80A1-82C3-4DA6-95E3-172A00DB6CDF}.Release Shared.Build.0 = Release Shared|Win32
		{B36A80A1-82C3-4DA6-95E3-172A00DB6CDF}.Release Static.ActiveCfg = Release Static|Win32
		{B36A80A1-82C3-4DA6-95E3-172A00DB6CDF}.Release Static.Build.0 = Release Static|Win32
		{1F449622-D3F5-4FEF-A3FB-A6053ADDDFDF}.Debug Shared.ActiveCfg = Debug Shared|Win32
		{1F449622-D3F5-4FEF-A3FB-A6053ADDDFDF}.Debug Shared.Build.0 = Debug Shared|Win32
		{1F449622-D3F5-4FEF-A3FB-A6053ADDDFDF}.Debug Static.ActiveCfg = Debug Static|Win32
		{1F449622-D3F5-4FEF-A3FB-A6053ADDDFDF}.Debug Static.Build.0 = Debug Static|Win32
		{1F449622-D3F5-4FEF-A3FB-A6053ADDDFDF}.Release Shared.ActiveCfg = Release Shared|Win32
		{1F449622-D3F5-4FEF-A3FB-A6053ADDDFDF}.Release Shared.Build.0 = Release Shared|Win32
		{1F449622-D3F5-4FEF-A3FB-A6053ADDDFDF}.Release Static.ActiveCfg = Release Static|Win32
		{1F449622-D3F5-4FEF-A3FB-A6053ADDDFDF}.Release Static.Build.0 = Release Static|Win32
		{57550084-C7BA-44BC-84F3-94D78046CC3C}.Debug Shared.ActiveCfg = Debug Shared|Win32
		{57550084-C7BA-44BC-84F3-94D78046CC3C}.Debug Shared.Build.0 = Debug Shared|Win32
		{57550084-C7BA-44BC-84F3-94D78046CC3C}.Debug Static.ActiveCfg = Debug Static|Win32
		{57550084-C7BA-44BC-84F3-94D78046CC3C}.Debug Static.Build.0 = Debug Static|Win32
		{57550084-C7BA-44BC-84F3-94D78046CC3C}.Release Shared.ActiveCfg = Release Shared|Win32
		{57550084-C7BA-44BC-84F3-94D78046CC3C}.Release Shared.Build.0 = Release Shared|Win32
		{57550084-C7BA-44BC-84F3-94D78046CC3C}.Release Static.ActiveCfg = Release Static|Win32
		{57550084-C7BA-44BC-84F3-94D78046CC3C}.Release Static.Build.0 = Release Static|Win32
		{BCAA468F-F0AF-4111-9D8F-16A87A3C0365}.Debug Shared.ActiveCfg = Debug Shared|Win32
		{BCAA468F-F0AF-4111-9D8F-16A87A3C0365}.Debug Shared.Build.0 = Debug Shared|Win32
		{BCAA468F-F0AF-4111-9D8F-16A87A3C0365}.Debug Static.ActiveCfg = Debug Static|Win32
		{BCAA468F-F0AF-4111-9D8F-16A87A3C0365}.Debug Static.Build.0 = Debug Static|Win32
		{BCAA468F-F0AF-4111-9D8F-16A87A3C0365}.Release Shared.ActiveCfg = Release Shared|Win32
		{BCAA468F-F0AF-4111-9D8F-16A87A3C0365}.Release Shared.Build.0 = Release Shared|Win32
		{BCAA468F-F0AF-4111-9D8F-16A87A3C0365}.Release Static.ActiveCfg = Release Static|Win32
		{BCAA468F-F0AF-4111-9D8F-16A87A3C0365}.Release Static.Build.0 = Release Static|Win32
		{D3A478AB-0844-4258-8DD6-8BFA003BF664}.Debug Shared.ActiveCfg = Debug Shared|Win32
		{D3A478AB-0844-4258-8DD6-8BFA003BF664}.Debug Shared.Build.0 = Debug Shared|Win32
		{D3A478AB-0844-4258-8DD6-8BFA003BF664}.Debug Static.ActiveCfg = Debug Static|Win32
		{D3A478AB-0844-4258-8DD6-8BFA003BF664}.Debug Static.Build.0 = Debug Static|Win32
		{D3A478AB-0844-4258-8DD6-8BFA003BF664}.Release Shared.ActiveCfg = Release Shared|Win32
		{D3A478AB-0844-4258-8DD6-8BFA003BF664}.Release Shared.Build.0 = Release Shared|Win32
		{D3A478AB-0844-4258-8DD6-8BFA003BF664}.Release Static.ActiveCfg = Release Static|Win32
		{D3A478AB-0844-4258-8DD6-8BFA003BF664}.Release Static.Build.0 = Release Static|Win32
		{01A7EBE1-7BB9-480C-8E84-FB8D9016D061}.Debug Shared.ActiveCfg = Debug Shared|Win32
		{01A7EBE1-7BB9-480C-8E84-FB8D9016D061}.Debug Shared.Build.0 = Debug Shared|Win32
		{01A7EBE1-7BB9-480C-8E84-FB8D9016D061}.Debug Static.ActiveCfg = Debug Static|Win32
		{01A7EBE1-7BB9-480C-8E84-FB8D9016D061}.Debug Static.Build.0 = Debug Static|Win32
		{01A7EBE1-7BB9-480C-8E84-FB8D9016D061}.Release Shared.ActiveCfg = Release Shared|Win32
		{01A7EBE1-7BB9-480C-8E84-FB8D9016D061}.Release Shared.Build.0 = Release Shared|Win32
		{01A7EBE1-7BB9-480C-8E84-FB8D9016D061}.Release Static.ActiveCfg = Release Static|Win32
		{01A7EBE1-7BB9-480C-8E84-FB8D9016D061}.Release Static.Build.0 = Release Static|Win32
		{6FB4910C-2664-404F-86B0-1314032E7160}.Debug Shared.ActiveCfg = Debug Shared|Win32
		{6FB4910C-2664-404F-86B0-1314032E7160}.Debug Shared.Build.0 = Debug Shared|Win32
		{6FB4910C-2664-404F-86B0-1314032E7160}.Debug Static.ActiveCfg = Debug Static|Win32
		{6FB4910C-2664-404F-86B0-1314032E7160}.Debug Static.Build.0 = Debug Static|Win32
		{6FB4910C-2664-404F-86B0-1314032E7160}.Release Shared.ActiveCfg = Release Shared|Win32
		{6FB4910C-2664-404F-86B0-1314032E7160}.Release Shared.Build.0 = Release Shared|Win32
		{6FB4910C-2664-404F-86B0-1314032E7160}.Release Static.ActiveCfg = Release Static|Win32
		{6FB4910C-2664-404F-86B0-1314032E7160}.Release Static.Build.0 = Release Static|Win32
		{FC6CDB27-8A5C-4279-A5F3-E54E9D092EAF}.Debug Shared.ActiveCfg = Debug Shared|Win32
		{FC6CDB27-8A5C-4279-A5F3-E54E9D092EAF}.Debug Shared.Build.0 = Debug Shared|Win32
		{FC6CDB27-8A5C-4279-A5F3-E54E9D092EAF}.Debug Static.ActiveCfg = Debug Static|Win32
		{FC6CDB27-8A5C-4279-A5F3-E54E9D092EAF}.Debug Static.Build.0 = Debug Static|Win32
		{FC6CDB27-8A5C-4279-A5F3-E54E9D092EAF}.Release Shared.ActiveCfg = Release Shared|Win32
		{FC6CDB27-8A5C-4279-A5F3-E54E9D092EAF}.Release Shared.Build.0 = Release Shared|Win32
		{FC6CDB27-8A5C-4279-A5F3-E54E9D092EAF}.Release Static.ActiveCfg = Release Static|Win32
		{FC6CDB27-8A5C-4279-A5F3-E54E9D092EAF}.Release Static.Build.0 = Release Static|Win32
		{5E2EBFBE-4D81-4001-B808-DE9896DAACFF}.Debug Shared.ActiveCfg = Debug Shared|Win32
		{5E2EBFBE-4D81-4001-B808-DE9896DAACFF}.Debug Shared.Build.0 = Debug Shared|Win32
		{5E2EBFBE-4D81-4001-B808-DE9896DAACFF}.Debug Static.ActiveCfg = Debug Static|Win32
		{5E2EBFBE-4D81-4001-B808-DE9896DAACFF}.Debug Static.Build.0 = Debug Static|Win32
		{5E2EBFBE-4D81-4001-B808-DE9896DAACFF}.Release Shared.ActiveCfg = Release Shared|Win32
		{5E2EBFBE-4D81-4001-B808-DE9896DAACFF}.Release Shared.Build.0 = Release Shared|Win32
		{5E2EBFBE-4D81-4001-B808-DE9896DAACFF}.Release Static.ActiveCfg = Release Static|Win32
		{5E2EBFBE-4D81-4001-B808-DE9896DAACFF}.Release Static.Build.0 = Release Static|Win32
		{B2F8D569-0566-4F5D-821D-312AF3BA5CB6}.Debug Shared.ActiveCfg = Debug Shared|Win32
		{B2F8D569-0566-4F5D-821D-312AF3BA5CB6}.Debug Shared.Build.0 = Debug Shared|Win32
		{B2F8D569-0566-4F5D-821D-312AF3BA5CB6}.Debug Static.ActiveCfg = Debug Static|Win32
		{B2F8D569-0566-4F5D-821D-312AF3BA5CB6}.Debug Static.Build.0 = Debug Static|Win32
		{B2F8D569-0566-4F5D-821D-312AF3BA5CB6}.Release Shared.ActiveCfg = Release Shared|Win32
		{B2F8D569-0566-4F5D-821D-312AF3BA5CB6}.Release Shared.Build.0 = Release Shared|Win32
		{B2F8D569-0566-4F5D-821D-312AF3BA5CB6}.Release Static.ActiveCfg = Release Static|Win32
		{B2F8D569-0566-4F5D-821D-312AF3BA5CB6}.Release Static.Build.0 = Release Static|Win32
		{CA0F7710-4AEE-4097-A617-9474B80E147C}.Debug Shared.ActiveCfg = Debug Shared|Win32
		{CA0F7710-4AEE-4097-A617-9474B80E147C}.Debug Shared.Build.0 = Debug Shared|Win32
		{CA0F7710-4AEE-4097-A617-9474B80E147C}.Debug Static.ActiveCfg = Debug Static|Win32
		{CA0F7710-4AEE-4097-A617-9474B80E147C}.Debug Static.Build.0 = Debug Static|Win32
		{CA0F7710-4AEE-4097-A617-9474B80E147C}.Release Shared.ActiveCfg = Release Shared|Win32
		{CA0F7710-4AEE-4097-A617-9474B80E147C}.Release Shared.Build.0 = Release Shared|Win32
		{CA0F7710-4AEE-4097-A617-9474B80E147C}.Release Static.ActiveCfg = Release Static|Win32
		{CA0F7710-4AEE-4097-A617-9474B80E147C}.Release Static.Build.0 = Release Static|Win32
		{7610381C-C598-4FB8-9D19-EF60987DCDED}.Debug Shared.ActiveCfg = Debug Shared|Win32
		{7610381C-C598-4FB8-9D19-EF60987DCDED}.Debug Shared.Build.0 = Debug Shared|Win32
		{7610381C-C598-4FB8-9D19-EF60987DCDED}.Debug Static.ActiveCfg = Debug Static|Win32
		{7610381C-C598-4FB8-9D19-EF60987DCDED}.Debug Static.Build.0 = Debug Static|Win32
		{7610381C-C598-4FB8-9D19-EF60987DCDED}.Release Shared.ActiveCfg = Release Shared|Win32
		{7610381C-C598-4FB8-9D19-EF60987DCDED}.Release Shared.Build.0 = Release Shared|Win32
		{7610381C-C598-4FB8-9D19-EF60987DCDED}.Release Static.ActiveCfg = Release Static|Win32
		{7610381C-C598-4FB8-9D19-EF60987DCDED}.Release Static.Build.0 = Release Static|Win32
		{C8EEAF7B-2E48-4960-BD40-FAE813A82392}.Debug Shared.ActiveCfg = Debug Shared|Win32
		{C8EEAF7B-2E48-4960-BD40-FAE813A82392}.Debug Shared.Build.0 = Debug Shared|Win32
		{C8EEAF7B-2E48-4960-BD40-FAE813A82392}.Debug Static.ActiveCfg = Debug Static|Win32
		{C8EEAF7B-2E48-4960-BD40-FAE813A82392}.Debug Static.Build.0 = Debug Static|Win32
		{C8EEAF7B-2E48-4960-BD40-FAE813A82392}.Release Shared.ActiveCfg = Release Shared|Win32
		{C8EEAF7B-2E48-4960-BD40-FAE813A82392}.Release Shared.Build.0 = Release Shared|Win32
		{C8EEAF7B-2E48-4960-BD40-FAE813A82392}.Release Static.ActiveCfg = Release Static|Win32
		{C8EEAF7B-2E48-4960-BD40-FAE813A82392}.Release Static.Build.0 = Release Static|Win32
		{5EAD0866-E730-4271-A906-552CFFF2333A}.Debug Shared.ActiveCfg = Debug Shared|Win32
		{5EAD0866-E730-4271-A906-552CFFF2333A}.Debug Shared.Build.0 = Debug Shared|Win32
		{5EAD0866-E730-4271-A906-552CFFF2333A}.Debug Static.ActiveCfg = Debug Static|Win32
		{5EAD0866-E730-4271-A906-552CFFF2333A}.Debug Static.Build.0 = Debug Static|Win32
		{5EAD0866-E730-4271-A906-552CFFF2333A}.Release Shared.ActiveCfg = Release Shared|Win32
		{5EAD0866-E730-4271-A906-552CFFF2333A}.Release Shared.Build.0 = Release Shared|Win32
		{5EAD0866-E730-4271-A906-552CFFF2333A}.Release Static.ActiveCfg = Release Static|Win32
		{5EAD0866-E730-4271-A906-552CFFF2333A}.Release Static.Build.0 = Release Static|Win32
		{6A9AB552-3275-4012-A677-748B3610FACF}.Debug Shared.ActiveCfg = Debug Shared|Win32
		{6A9AB552-3275-4012-A677-748B3610FACF}.Debug Shared.Build.0 = Debug Shared|Win32
		{6A9AB552-3275-4012-A677-748B3610FACF}.Debug Static.ActiveCfg = Debug Static|Win32
		{6A9AB552-3275-4012-A677-748B3610FACF}.Debug Static.Build.0 = Debug Static|Win32
		{6A9AB552-3275-4012-A677-748B3610FACF}.Release Shared.ActiveCfg = Release Shared|Win32
		{6A9AB552-3275-4012-A677-748B3610FACF}.Release Shared.Build.0 = Release Shared|Win32
		{6A9AB552-3275-4012-A677-748B3610FACF}.Release Static.ActiveCfg = Release Static|Win32
		{6A9AB552-3275-4012-A677-748B3610FACF}.Release Static.Build.0 = Release Static|Win32
		{733D500C-ADD6-4FC6-8404-1E3419C6A191}.Debug Shared.ActiveCfg = Debug Shared|Win32
		{733D500C-ADD6-4FC6-8404-1E3419C6A191}.Debug Shared.Build.0 = Debug Shared|Win32
		{733D500C-ADD6-4FC6-8404-1E3419C6A191}.Debug Static.ActiveCfg = Debug Static|Win32
		{733D500C-ADD6-4FC6-8404-1E3419C6A191}.Debug Static.Build.0 = Debug Static|Win32
		{733D500C-ADD6-4FC6-8404-1E3419C6A191}.Release Shared.ActiveCfg = Release Shared|Win32
		{733D500C-ADD6-4FC6-8404-1E3419C6A191}.Release Shared.Build.0 = Release Shared|Win32
		{733D500C-ADD6-4FC6-8404-1E3419C6A191}.Release Static.ActiveCfg = Release Static|Win32
		{733D500C-ADD6-4FC6-8404-1E3419C6A191}.Release Static.Build.0 = Release Static|Win32
		{1F1FE183-0B38-48C3-9EFC-FE0FCF777171}.Debug Shared.ActiveCfg = Debug Shared|Win32
		{1F1FE183-0B38-48C3-9EFC-FE0FCF777171}.Debug Shared.Build.0 = Debug Shared|Win32
		{1F1FE183-0B38-48C3-9EFC-FE0FCF777171}.Debug Static.ActiveCfg = Debug Static|Win32
		{1F1FE183-0B38-48C3-9EFC-FE0FCF777171}.Debug Static.Build.0 = Debug Static|Win32
		{1F1FE183-0B38-48C3-9EFC-FE0FCF777171}.Release Shared.ActiveCfg = Release Shared|Win32
		{1F1FE183-0B38-48C3-9EFC-FE0FCF777171}.Release Shared.Build.0 = Release Shared|Win32
		{1F1FE183-0B38-48C3-9EFC-FE0FCF777171}.Release Static.ActiveCfg = Release Static|Win32
		{1F1FE183-0B38-48C3-9EFC-FE0FCF777171}.Release Static.Build.0 = Release Static|Win32
		{0FAF67A7-0723-4F2A-939A-E219903371E5}.Debug Shared.ActiveCfg = Debug Shared|Win32
		{0FAF67A7-0723-4F2A-939A-E219903371E5}.Debug Shared.Build.0 = Debug Shared|Win32
		{0FAF67A7-0723-4F2A-939A-E219903371E5}.Debug Static.ActiveCfg = Debug Static|Win32
		{0FAF67A7-0723-4F2A-939A-E219903371E5}.Debug Static.Build.0 = Debug Static|Win32
		{0FAF67A7-0723-4F2A-939A-E219903371E5}.Release Shared.ActiveCfg = Release Shared|Win32
		{0FAF67A7-0723-4F2A-939A-E219903371E5}.Release Shared.Build.0 = Release Shared|Win32
		{0FAF67A7-0723-4F2A-939A-E219903371E5}.Release Static.ActiveCfg = Release Static|Win32
		{0FAF67A7-0723-4F2A-939A-E219903371E5}.Release Static.Build.0 = Release Static|Win32
		{D2619A09-D965-4E14-99E2-E8B255F59340}.Debug Shared.ActiveCfg = Debug Shared|Win32
		{D2619A09-D965-4E14-99E2-E8B255F59340}.Debug Shared.Build.0 = Debug Shared|Win32
		{D2619A09-D965-4E14-99E2-E8B255F59340}.Debug Static.ActiveCfg = Debug Static|Win32
		{D2619A09-D965-4E14-99E2-E8B255F59340}.Debug Static.Build.0 = Debug Static|Win32
		{D2619A09-D965-4E14-99E2-E8B255F59340}.Release Shared.ActiveCfg = Release Shared|Win32
		{D2619A09-D965-4E14-99E2-E8B255F59340}.Release Shared.Build.0 = Release Shared|Win32
		{D2619A09-D965-4E14-99E2-E8B255F59340}.Release Static.ActiveCfg = Release Static|Win32
		{D2619A09-D965-4E14-99E2-E8B255F59340}.Release Static.Build.0 = Release Static|Win32
		{2C362AA1-9BE1-4C04-A967-C96BB01EB68C}.Debug Shared.ActiveCfg = Debug Shared|Win32
		{2C362AA1-9BE1-4C04-A967-C96BB01EB68C}.Debug Shared.Build.0 = Debug Shared|Win32
		{2C362AA1-9BE1-4C04-A967-C96BB01EB68C}.Debug Static.ActiveCfg = Debug Static|Win32
		{2C362AA1-9BE1-4C04-A967-C96BB01EB68C}.Debug Static.Build.0 = Debug Static|Win32
		{2C362AA1-9BE1-4C04-A967-C96BB01EB68C}.Release Shared.ActiveCfg = Release Shared|Win32
		{2C362AA1-9BE1-4C04-A967-C96BB01EB68C}.Release Shared.Build.0 = Release Shared|Win32
		{2C362AA1-9BE1-4C04-A967-C96BB01EB68C}.Release Static.ActiveCfg = Release Static|Win32
		{2C362AA1-9BE1-4C04-A967-C96BB01EB68C}.Release Static.Build.0 = Release Static|Win32
		{4999E96D-1940-4CD5-8244-E5885B8A48FD}.Debug Shared.ActiveCfg = Debug Shared|Win32
		{4999E96D-1940-4CD5-8244-E5885B8A48FD}.Debug Shared.Build.0 = Debug Shared|Win32
		{4999E96D-1940-4CD5-8244-E5885B8A48FD}.Debug Static.ActiveCfg = Debug Static|Win32
		{4999E96D-1940-4CD5-8244-E5885B8A48FD}.Debug Static.Build.0 = Debug Static|Win32
		{4999E96D-1940-4CD5-8244-E5885B8A48FD}.Release Shared.ActiveCfg = Release Shared|Win32
		{4999E96D-1940-4CD5-8244-E5885B8A48FD}.Release Shared.Build.0 = Release Shared|Win32
		{4999E96D-1940-4CD5-8244-E5885B8A48FD}.Release Static.ActiveCfg = Release Static|Win32
		{4999E96D-1940-4CD5-8244-E5885B8A48FD}.Release Static.Build.0 = Release Static|Win32
		{B49D4412-3A8A-4958-BED2-539E8C874F76}.Debug Shared.ActiveCfg = Debug Shared|Win32
		{B49D4412-3A8A-4958-BED2-539E8C874F76}.Debug Shared.Build.0 = Debug Shared|Win32
		{B49D4412-3A8A-4958-BED2-539E8C874F76}.Debug Static.ActiveCfg = Debug Static|Win32
		{B49D4412-3A8A-4958-BED2-539E8C874F76}.Debug Static.Build.0 = Debug Static|Win32
		{B49D4412-3A8A-4958-BED2-539E8C874F76}.Release Shared.ActiveCfg = Release Shared|Win32
		{B49D4412-3A8A-4958-BED2-539E8C874F76}.Release Shared.Build.0 = Release Shared|Win32
		{B49D4412-3A8A-4958-BED2-539E8C874F76}.Release Static.ActiveCfg = Release Static|Win32
		{B49D4412-3A8A-4958-BED2-539E8C874F76}.Release Static.Build.0 = Release Static|Win32
		{9880267E-08D5-45F9-9FBF-2AF3E3FB0DD1}.Debug Shared.ActiveCfg = Debug Shared|Win32
		{9880267E-08D5-45F9-9FBF-2AF3E3FB0DD1}.Debug Shared.Build.0 = Debug Shared|Win32
		{9880267E-08D5-45F9-9FBF-2AF3E3FB0DD1}.Debug Static.ActiveCfg = Debug Static|Win32
		{9880267E-08D5-45F9-9FBF-2AF3E3FB0DD1}.Debug Static.Build.0 = Debug Static|Win32
		{9880267E-08D5-45F9-9FBF-2AF3E3FB0DD1}.Release Shared.ActiveCfg = Release Shared|Win32
		{9880267E-08D5-45F9-9FBF-2AF3E3FB0DD1}.Release Shared.Build.0 = Release Shared|Win32
		{9880267E-08D5-45F9-9FBF-2AF3E3FB0DD1}.Release Static.ActiveCfg = Release Static|Win32
		{9880267E-08D5-45F9-9FBF-2AF3E3FB0DD1}.Release Static.Build.0 = Release Static|Win32
		{D43BB11A-7B8F-4F73-804A-CA906D8CF65F}.Debug Shared.ActiveCfg = Debug Shared|Win32
		{D43BB11A-7B8F-4F73-804A-CA906D8CF65F}.Debug Shared.Build.0 = Debug Shared|Win32
		{D43BB11A-7B8F-4F73-804A-CA906D8CF65F}.Debug Static.ActiveCfg = Debug Static|Win32
		{D43BB11A-7B8F-4F73-804A-CA906D8CF65F}.Debug Static.Build.0 = Debug Static|Win32
		{D43BB11A-7B8F-4F73-804A-CA906D8CF65F}.Release Shared.ActiveCfg = Release Shared|Win32
		{D43BB11A-7B8F-4F73-804A-CA906D8CF65F}.Release Shared.Build.0 = Release Shared|Win32
		{D43BB11A-7B8F-4F73-804A-CA906D8CF65F}.Release Static.ActiveCfg = Release Static|Win32
		{D43BB11A-7B8F-4F73-804A-CA906D8CF65F}.Release Static.Build.0 = Release Static|Win32
		{FEC307FD-1372-4730-874C-A1E6152F2EF4}.Debug Shared.ActiveCfg = Debug Shared|Win32
		{FEC307FD-1372-4730-874C-A1E6152F2EF4}.Debug Shared.Build.0 = Debug Shared|Win32
		{FEC307FD-1372-4730-874C-A1E6152F2EF4}.Debug Static.ActiveCfg = Debug Static|Win32
		{FEC307FD-1372-4730-874C-A1E6152F2EF4}.Debug Static.Build.0 = Debug Static|Win32
		{FEC307FD-1372-4730-874C-A1E6152F2EF4}.Release Shared.ActiveCfg = Release Shared|Win32
		{FEC307FD-1372-4730-874C-A1E6152F2EF4}.Release Shared.Build.0 = Release Shared|Win32
		{FEC307FD-1372-4730-874C-A1E6152F2EF4}.Release Static.ActiveCfg = Release Static|Win32
		{FEC307FD-1372-4730-874C-A1E6152F2EF4}.Release Static.Build.0 = Release Static|Win32
		{3C6EE12F-F708-4568-97A4-8E3627AB3230}.Debug Shared.ActiveCfg = Debug Shared|Win32
		{3C6EE12F-F708-4568-97A4-8E3627AB3230}.Debug Shared.Build.0 = Debug Shared|Win32
		{3C6EE12F-F708-4568-97A4-8E3627AB3230}.Debug Static.ActiveCfg = Debug Static|Win32
		{3C6EE12F-F708-4568-97A4-8E3627AB3230}.Debug Static.Build.0 = Debug Static|Win32
		{3C6EE12F-F708-4568-97A4-8E3627AB3230}.Release Shared.ActiveCfg = Release Shared|Win32
		{3C6EE12F-F708-4568-97A4-8E3627AB3230}.Release Shared.Build.0 = Release Shared|Win32
		{3C6EE12F-F708-4568-97A4-8E3627AB3230}.Release Static.ActiveCfg = Release Static|Win32
		{3C6EE12F-F708-4568-97A4-8E3627AB3230}.Release Static.Build.0 = Release Static|Win32
		{DC307A5F-E874-403E-847D-1A24A0A42650}.Debug Shared.ActiveCfg = Debug Shared|Win32
		{DC307A5F-E874-403E-847D-1A24A0A42650}.Debug Shared.Build.0 = Debug Shared|Win32
		{DC307A5F-E874-403E-847D-1A24A0A42650}.Debug Static.ActiveCfg = Debug Static|Win32
		{DC307A5F-E874-403E-847D-1A24A0A42650}.Debug Static.Build.0 = Debug Static|Win32
		{DC307A5F-E874-403E-847D-1A24A0A42650}.Release Shared.ActiveCfg = Release Shared|Win32
		{DC307A5F-E874-403E-847D-1A24A0A42650}.Release Shared.Build.0 = Release Shared|Win32
		{DC307A5F-E874-403E-847D-1A24A0A42650}.Release Static.ActiveCfg = Release Static|Win32
		{DC307A5F-E874-403E-847D-1A24A0A42650}.Release Static.Build.0 = Release Static|Win32
		{3CF9A4C3-6FE2-4D8C-8468-9F2BAE0EDCF1}.Debug Shared.ActiveCfg = Debug Shared|Win32
		{3CF9A4C3-6FE2-4D8C-8468-9F2BAE0EDCF1}.Debug Shared.Build.0 = Debug Shared|Win32
		{3CF9A4C3-6FE2-4D8C-8468-9F2BAE0EDCF1}.Debug Static.ActiveCfg = Debug Static|Win32
		{3CF9A4C3-6FE2-4D8C-8468-9F2BAE0EDCF1}.Debug Static.Build.0 = Debug Static|Win32
		{3CF9A4C3-6FE2-4D8C-8468-9F2BAE0EDCF1}.Release Shared.ActiveCfg = Release Shared|Win32
		{3CF9A4C3-6FE2-4D8C-8468-9F2BAE0EDCF1}.Release Shared.Build.0 = Release Shared|Win32
		{3CF9A4C3-6FE2-4D8C-8468-9F2BAE0EDCF1}.Release Static.ActiveCfg = Release Static|Win32
		{3CF9A4C3-6FE2-4D8C-8468-9F2BAE0EDCF1}.Release Static.Build.0 = Release Static|Win32
		{68DB59F4-E57F-432A-B7BA-F216731184CF}.Debug Shared.ActiveCfg = Debug Shared|Win32
		{68DB59F4-E57F-432A-B7BA-F216731184CF}.Debug Shared.Build.0 = Debug Shared|Win32
		{68DB59F4-E57F-432A-B7BA-F216731184CF}.Debug Static.ActiveCfg = Debug Static|Win32
		{68DB59F4-E57F-432A-B7BA-F216731184CF}.Debug Static.Build.0 = Debug Static|Win32
		{68DB59F4-E57F-432A-B7BA-F216731184CF}.Release Shared.ActiveCfg = Release Shared|Win32
		{68DB59F4-E57F-432A-B7BA-F216731184CF}.Release Shared.Build.0 = Release Shared|Win32
		{68DB59F4-E57F-432A-B7BA-F216731184CF}.Release Static.ActiveCfg = Release Static|Win32
		{68DB59F4-E57F-432A-B7BA-F216731184CF}.Release Static.Build.0 = Release Static|Win32
		{829BD66C-0BFB-4546-9DB4-B295F606FD89}.Debug Shared.ActiveCfg = Debug Shared|Win32
		{829BD66C-0BFB-4546-9DB4-B295F606FD89}.Debug Shared.Build.0 = Debug Shared|Win32
		{829BD66C-0BFB-4546-9DB4-B295F606FD89}.Debug Static.ActiveCfg = Debug Static|Win32
		{829BD66C-0BFB-4546-9DB4-B295F606FD89}.Debug Static.Build.0 = Debug Static|Win32
		{829BD66C-0BFB-4546-9DB4-B295F606FD89}.Release Shared.ActiveCfg = Release Shared|Win32
		{829BD66C-0BFB-4546-9DB4-B295F606FD89}.Release Shared.Build.0 = Release Shared|Win32
		{829BD66C-0BFB-4546-9DB4-B295F606FD89}.Release Static.ActiveCfg = Release Static|Win32
		{829BD66C-0BFB-4546-9DB4-B295F606FD89}.Release Static.Build.0 = Release Static|Win32
		{ED0518EF-7649-485D-90EA-330BA7A36F73}.Debug Shared.ActiveCfg = Debug Shared|Win32
		{ED0518EF-7649-485D-90EA-330BA7A36F73}.Debug Shared.Build.0 = Debug Shared|Win32
		{ED0518EF-7649-485D-90EA-330BA7A36F73}.Debug Static.ActiveCfg = Debug Static|Win32
		{ED0518EF-7649-485D-90EA-330BA7A36F73}.Debug Static.Build.0 = Debug Static|Win32
		{ED0518EF-7649-485D-90EA-330BA7A36F73}.Release Shared.ActiveCfg = Release Shared|Win32
		{ED0518EF-7649-485D-90EA-330BA7A36F73}.Release Shared.Build.0 = Release Shared|Win32
		{ED0518EF-7649-485D-90EA-330BA7A36F73}.Release Static.ActiveCfg = Release Static|Win32
		{ED0518EF-7649-485D-90EA-330BA7A36F73}.Release Static.Build.0 = Release Static|Win32
		{76904100-F2C8-461F-B5D9-05528817B068}.Debug Shared.ActiveCfg = Debug Shared|Win32
		{76904100-F2C8-461F-B5D9-05528817B068}.Debug Shared.Build.0 = Debug Shared|Win32
		{76904100-F2C8-461F-B5D9-05528817B068}.Debug Static.ActiveCfg = Debug Static|Win32
		{76904100-F2C8-461F-B5D9-05528817B068}.Debug Static.Build.0 = Debug Static|Win32
		{76904100-F2C8-461F-B5D9-05528817B068}.Release Shared.ActiveCfg = Release Shared|Win32
		{76904100-F2C8-461F-B5D9-05528817B068}.Release Shared.Build.0 = Release Shared|Win32
		{76904100-F2C8-461F-B5D9-05528817B068}.Release Static.ActiveCfg = Release Static|Win32
		{76904100-F2C8-461F-B5D9-05528817B068}.Release Static.Build.0 = Release Static|Win32
		{4AC7E84C-F9DD-4EF1-B9BF-CB237E24026C}.Debug Shared.ActiveCfg = Debug Shared|Win32
		{4AC7E84C-F9DD-4EF1-B9BF-CB237E24026C}.Debug Shared.Build.0 = Debug Shared|Win32
		{4AC7E84C-F9DD-4EF1-B9BF-CB237E24026C}.Debug Static.ActiveCfg = Debug Static|Win32
		{4AC7E84C-F9DD-4EF1-B9BF-CB237E24026C}.Debug Static.Build.0 = Debug Static|Win32
		{4AC7E84C-F9DD-4EF1-B9BF-CB237E24026C}.Release Shared.ActiveCfg = Release Shared|Win32
		{4AC7E84C-F9DD-4EF1-B9BF-CB237E24026C}.Release Shared.Build.0 = Release Shared|Win32
		{4AC7E84C-F9DD-4EF1-B9BF-CB237E24026C}.Release Static.ActiveCfg = Release Static|Win32
		{4AC7E84C-F9DD-4EF1-B9BF-CB237E24026C}.Release Static.Build.0 = Release Static|Win32
	EndGlobalSection
	GlobalSection(ExtensibilityGlobals) = postSolution
	EndGlobalSection
	GlobalSection(ExtensibilityAddIns) = postSolution
	EndGlobalSection
EndGlobal

